<?xml version="1.0" encoding="UTF-8" standalone="yes" ?>
<CodeBlocks_project_file>
	<FileVersion major="1" minor="6" />
	<Project>
		<Option title="PolyVR" />
		<Option pch_mode="2" />
		<Option compiler="gcc" />
		<Build>
			<Target title="Debug">
				<Option output="bin/Debug/VRFramework" prefix_auto="1" extension_auto="1" />
				<Option object_output="obj/Debug/" />
				<Option type="1" />
				<Option compiler="gcc" />
				<Compiler>
					<Add option="-g" />
					<Add option="-frounding-math" />
				</Compiler>
			</Target>
			<Target title="Release">
				<Option output="bin/Release/VRFramework" prefix_auto="1" extension_auto="1" />
				<Option object_output="obj/Release/" />
				<Option type="1" />
				<Option compiler="gcc" />
				<Compiler>
					<Add option="-O2" />
				</Compiler>
				<Linker>
					<Add option="-s" />
				</Linker>
			</Target>
		</Build>
		<Compiler>
			<Add option="-O2" />
			<Add option="-std=c++11" />
			<Add option="-Wall" />
			<Add option="`pkg-config gtk+-2.0 --cflags`" />
			<Add option="`pkg-config gmodule-2.0 --cflags`" />
			<Add option="`pkg-config --cflags libxml++-2.6`" />
			<Add option="`pkg-config gtkmm-2.4 --cflags`" />
			<Add option="`pkg-config gtkglext-1.0 --cflags`" />
			<Add option="`pkg-config python --cflags`" />
			<Add option="`pkg-config gtksourceview-2.0 --cflags`" />
			<Add option="-use_readonly_const" />
			<Add option="-fPIC" />
			<Add option="-Wno-deprecated" />
			<Add option="-frounding-math" />
			<Add option="-ftime-report" />
			<Add option="-fno-strict-aliasing" />
			<Add option="-DLC_ALL=C" />
			<Add option="-DOSG2" />
			<Add option="-D_GNU_SOURCE" />
			<Add option="-DQT_CLEAN_NAMESPACE" />
			<Add option="-DOSG_WITH_GLUT" />
			<Add option="-DOSG_WITH_QT" />
			<Add option="-DOSG_WITH_JPG" />
			<Add option="-DOSG_WITH_PNG" />
			<Add option="-DOSG_WITH_COLLADA" />
			<Add option="-DOSG_ENABLE_OGL_VERTEXT_ATTRIB_FUNCS=ON" />
			<Add option="-D_OSG_HAVE_CONFIGURED_H_" />
			<Add option="-DQT_NO_XINERAMA" />
			<Add option="-DQT_NO_XRENDER" />
			<Add option="-DQT_NO_XFTFREETYPE" />
			<Add option="-DQT_NO_XKB" />
			<Add option="-DQT_NO_SM_SUPPORT" />
			<Add option="-DQT_NO_IMAGEIO_MNG" />
			<Add option="-DQT_NO_IMAGEIO_JPEG" />
			<Add option="-DQT_NO_STYLE_AQUA" />
			<Add option="-DQT_NO_STYLE_MAC" />
			<Add option="-DQT_NO_STYLE_INTERLACE" />
			<Add option="-DQT_NO_STYLE_COMPACT" />
			<Add option="-DOSG_DEBUG" />
			<Add option="-DOSG_DEBUGRT" />
			<Add option="-DOSG_BUILD_ACTIVE" />
			<Add option="-DCRT_SECURE_NO_DEPRECATE" />
			<Add option="-DCRT_SECURE_NO_WARNINGS" />
			<Add option="-DCRT_NONSTDC_NO_DEPRECATE" />
			<Add option="-DSECURE_SCL=0" />
			<Add option="-D_SCL_SECURE_NO_WARNINGS" />
			<Add option="-D_SCL_SECURE_NO_DEPRECATE" />
			<Add option="-D__GCCXML__" />
			<Add option="-DCGAL_CFG_NO_CPP0X_ARRAY" />
			<Add option="-DCGAL_CFG_NO_TR1_ARRAY" />
			<Add option="-DCGAL_CFG_NO_VARIADIC_TEMPLATES" />
			<Add option="-DNDEBUG" />
			<Add option="-DCGAL_NDEBUG" />
			<Add directory="/usr/include/pango-1.0" />
			<Add directory="/usr/include/glib-2.0" />
			<Add directory="/usr/lib64/glib-2.0/include" />
			<Add directory="/usr/include/freetype2" />
			<Add directory="/usr/include/cairo" />
			<Add directory="/usr/include/libpng12" />
			<Add directory="/usr/lib/glib-2.0/include" />
			<Add directory="/usr/lib/x86_64-linux-gnu/glib-2.0/include" />
			<Add directory="/usr/include/vtk-5.8/" />
			<Add directory="/usr/include/bullet" />
			<Add directory="/usr/include/gtkglext-1.0" />
			<Add directory="/usr/include/vrpn" />
			<Add directory="/usr/include/CEF" />
			<Add directory="src" />
			<Add directory="/usr/include/opensg" />
			<Add directory="/usr/include/collada" />
		</Compiler>
		<Linker>
			<Add option="-lcef" />
			<Add option="-lcef_dll_wrapper" />
			<Add option="`pkg-config --libs libxml++-2.6`" />
			<Add option="`pkg-config gtk+-2.0 --libs`" />
			<Add option="`pkg-config gmodule-2.0 --libs`" />
			<Add option="`pkg-config bullet --libs`" />
			<Add option="`pkg-config gtkmm-2.4 --libs`" />
			<Add option="`pkg-config gtkglext-1.0 --libs`" />
			<Add option="`pkg-config python --libs`" />
			<Add option="`pkg-config gtksourceview-2.0 --libs`" />
			<Add option="`pkg-config vte --libs`" />
			<Add option="-lvirtuose" />
			<Add option="-lCGAL" />
			<Add option="-lgmp" />
			<Add option="-lmpfr" />
			<Add option="-lSDL" />
			<Add option="-lmicrohttpd" />
			<Add option="-ljsoncpp" />
			<Add option="-lcurl" />
			<Add option="-lvrpn" />
			<Add option="-rdynamic" />
			<Add option="-lOSGBase" />
			<Add option="-lOSGContribTrapezoidalShadowMaps" />
			<Add option="-lOSGCluster" />
			<Add option="-lOSGDrawable" />
			<Add option="-lOSGEffectGroups" />
			<Add option="-lOSGFileIO" />
			<Add option="-lOSGGroup" />
			<Add option="-lOSGImageFileIO" />
			<Add option="-lOSGState" />
			<Add option="-lOSGSystem" />
			<Add option="-lOSGUtil" />
			<Add option="-lOSGText" />
			<Add option="-lOSGWindow" />
			<Add option="-lOSGWindowGLUT" />
			<Add option="-lOSGWindowX" />
			<Add option="-lcollada14dom" />
			<Add option="-lGLU" />
			<Add option="-lGL" />
			<Add option="-lSM" />
			<Add option="-lICE" />
			<Add option="-lX11" />
			<Add option="-lXext" />
			<Add option="-lglut" />
			<Add option="-lXmu" />
			<Add option="-lXi" />
			<Add option="-lboost_system" />
			<Add option="-lboost_thread" />
			<Add option="-lboost_program_options" />
			<Add option="-lboost_serialization" />
			<Add option="-lboost_filesystem" />
			<Add option="-ljpeg" />
			<Add option="-lpng" />
			<Add option="-lz" />
			<Add option="-lXt" />
			<Add option="-lpango-1.0" />
			<Add option="-lgobject-2.0" />
			<Add option="-lgmodule-2.0" />
			<Add option="-lglib-2.0" />
			<Add option="-lpangoft2-1.0" />
			<Add option="-lfreetype" />
			<Add option="-lfontconfig" />
			<Add option="-lpangocairo-1.0" />
			<Add option="-lcairo" />
			<Add option="-lpthread" />
			<Add option="-ldl" />
			<Add option="-lm" />
			<Add option="-lopenal" />
			<Add option="-lavformat" />
			<Add option="-lavcodec" />
			<Add option="-lavresample" />
			<Add option="-lswscale" />
			<Add option="-lavutil" />
			<Add option="-lqrencode" />
			<Add option="-ludev" />
			<Add option="-lffmpegsumo" />
			<Add directory="/usr/X11R6/lib64" />
			<Add directory="/usr/lib/virtuose" />
			<Add directory="/usr/lib/i386-linux-gnu" />
			<Add directory="/usr/lib/fglrx" />
			<Add directory="/usr/local/lib" />
			<Add directory="/usr/lib/opensg" />
			<Add directory="/usr/lib/CEF" />
			<Add directory="/usr/include/CEF/include" />
			<Add directory="/usr/lib/1.4" />
			<Add directory="/usr/lib" />
			<Add directory="/usr/lib/x86_64-linux-gnu" />
		</Linker>
		<ExtraCommands>
			<Add after='/bin/bash -c &quot;cp -u -p ressources/cef/icudtl.dat bin/Debug/ 2&gt;/dev/null&quot;' />
			<Add after='/bin/bash -c &quot;cp -u -p ressources/cef/icudtl.dat bin/Release/ 2&gt;/dev/null&quot;' />
		</ExtraCommands>
		<Unit filename="src/PolyVR.cpp" />
		<Unit filename="src/PolyVR.h" />
		<Unit filename="src/addons/Bullet/CarDynamics/CarDynamics.cpp" />
		<Unit filename="src/addons/Bullet/CarDynamics/CarDynamics.h" />
		<Unit filename="src/addons/Bullet/CarDynamics/VRPyCarDynamics.cpp" />
		<Unit filename="src/addons/Bullet/CarDynamics/VRPyCarDynamics.h" />
		<Unit filename="src/addons/Bullet/Fluids/VRFluids.cpp" />
		<Unit filename="src/addons/Bullet/Fluids/VRFluids.h" />
		<Unit filename="src/addons/Bullet/Particles/VRParticles.cpp" />
		<Unit filename="src/addons/Bullet/Particles/VRParticles.h" />
		<Unit filename="src/addons/Bullet/Particles/VRPyParticles.cpp" />
		<Unit filename="src/addons/Bullet/Particles/VRPyParticles.h" />
		<Unit filename="src/addons/CEF/CEF.cpp" />
		<Unit filename="src/addons/CEF/CEF.h" />
		<Unit filename="src/addons/CEF/CEFWindowsKey.h" />
		<Unit filename="src/addons/CEF/VRPyCEF.cpp" />
		<Unit filename="src/addons/CEF/VRPyCEF.h" />
		<Unit filename="src/addons/CEF/VRPyWebCam.cpp" />
		<Unit filename="src/addons/CEF/VRPyWebCam.h" />
		<Unit filename="src/addons/CEF/VRWebCam.cpp" />
		<Unit filename="src/addons/CEF/VRWebCam.h" />
		<Unit filename="src/addons/CaveKeeper/CKOctree.cpp" />
		<Unit filename="src/addons/CaveKeeper/CKOctree.h" />
		<Unit filename="src/addons/CaveKeeper/CaveKeeper.cpp" />
		<Unit filename="src/addons/CaveKeeper/CaveKeeper.h" />
		<Unit filename="src/addons/CaveKeeper/VRPyCaveKeeper.cpp" />
		<Unit filename="src/addons/CaveKeeper/VRPyCaveKeeper.h" />
		<Unit filename="src/addons/Classification/VROntology.cpp" />
		<Unit filename="src/addons/Classification/VROntology.h" />
		<Unit filename="src/addons/Classification/VRPySegmentation.cpp" />
		<Unit filename="src/addons/Classification/VRPySegmentation.h" />
		<Unit filename="src/addons/Classification/VRReasoner.cpp" />
		<Unit filename="src/addons/Classification/VRReasoner.h" />
		<Unit filename="src/addons/Classification/VRSegmentation.cpp" />
		<Unit filename="src/addons/Classification/VRSegmentation.h" />
		<Unit filename="src/addons/Engineering/CSG/CGALTypedefs.h" />
		<Unit filename="src/addons/Engineering/CSG/CSGGeometry.cpp" />
		<Unit filename="src/addons/Engineering/CSG/CSGGeometry.h" />
		<Unit filename="src/addons/Engineering/CSG/Octree/Octree.h" />
		<Unit filename="src/addons/Engineering/CSG/PolyhedronBuilder.h" />
		<Unit filename="src/addons/Engineering/CSG/VRPyCSG.cpp" />
		<Unit filename="src/addons/Engineering/CSG/VRPyCSG.h" />
		<Unit filename="src/addons/Engineering/Chemistry/VRMolecule.cpp" />
		<Unit filename="src/addons/Engineering/Chemistry/VRMolecule.h" />
		<Unit filename="src/addons/Engineering/Chemistry/VRPyMolecule.cpp" />
		<Unit filename="src/addons/Engineering/Chemistry/VRPyMolecule.h" />
		<Unit filename="src/addons/Engineering/Factory/VRAMLLoader.cpp" />
		<Unit filename="src/addons/Engineering/Factory/VRAMLLoader.h" />
		<Unit filename="src/addons/Engineering/Factory/VRFactory.cpp" />
		<Unit filename="src/addons/Engineering/Factory/VRFactory.h" />
		<Unit filename="src/addons/Engineering/Factory/VRLogistics.cpp" />
		<Unit filename="src/addons/Engineering/Factory/VRLogistics.h" />
		<Unit filename="src/addons/Engineering/Factory/VRProduction.cpp" />
		<Unit filename="src/addons/Engineering/Factory/VRProduction.h" />
		<Unit filename="src/addons/Engineering/Factory/VRPyAMLLoader.cpp" />
		<Unit filename="src/addons/Engineering/Factory/VRPyAMLLoader.h" />
		<Unit filename="src/addons/Engineering/Factory/VRPyFactory.cpp" />
		<Unit filename="src/addons/Engineering/Factory/VRPyFactory.h" />
		<Unit filename="src/addons/Engineering/Factory/VRPyLogistics.cpp" />
		<Unit filename="src/addons/Engineering/Factory/VRPyLogistics.h" />
		<Unit filename="src/addons/Engineering/Factory/VRPyProduction.cpp" />
		<Unit filename="src/addons/Engineering/Factory/VRPyProduction.h" />
		<Unit filename="src/addons/Engineering/Factory/network.cpp" />
		<Unit filename="src/addons/Engineering/Factory/network.h" />
		<Unit filename="src/addons/Engineering/Mechanics/VRMechanism.cpp" />
		<Unit filename="src/addons/Engineering/Mechanics/VRMechanism.h" />
		<Unit filename="src/addons/Engineering/Mechanics/VRProfile.h" />
		<Unit filename="src/addons/Engineering/Mechanics/VRPyMechanism.cpp" />
		<Unit filename="src/addons/Engineering/Mechanics/VRPyMechanism.h" />
		<Unit filename="src/addons/Engineering/Milling/VRMillingMachine.cpp" />
		<Unit filename="src/addons/Engineering/Milling/VRMillingMachine.h" />
		<Unit filename="src/addons/Engineering/Milling/VRPyMillingMachine.cpp" />
		<Unit filename="src/addons/Engineering/Milling/VRPyMillingMachine.h" />
		<Unit filename="src/addons/Engineering/VRNumberingEngine.cpp" />
		<Unit filename="src/addons/Engineering/VRNumberingEngine.h" />
		<Unit filename="src/addons/Engineering/VRProfile.cpp" />
		<Unit filename="src/addons/Engineering/VRProfile.h" />
		<Unit filename="src/addons/Engineering/VRPyNumberingEngine.cpp" />
		<Unit filename="src/addons/Engineering/VRPyNumberingEngine.h" />
		<Unit filename="src/addons/Factory/VRFactory.h" />
		<Unit filename="src/addons/Factory/VRLogistics.h" />
		<Unit filename="src/addons/Factory/VRMechanism.h" />
		<Unit filename="src/addons/Factory/VRNumberingEngine.h" />
		<Unit filename="src/addons/Factory/VRPyLogistics.h" />
		<Unit filename="src/addons/Factory/VRPyMechanism.h" />
		<Unit filename="src/addons/Factory/VRPyNumberingEngine.h" />
		<Unit filename="src/addons/Factory/network.h" />
		<Unit filename="src/addons/RealWorld/Altitude.h" />
		<Unit filename="src/addons/RealWorld/Config.cpp" />
		<Unit filename="src/addons/RealWorld/Config.h" />
		<Unit filename="src/addons/RealWorld/Elevation.h" />
		<Unit filename="src/addons/RealWorld/MapCoordinator.h" />
		<Unit filename="src/addons/RealWorld/MapData.h" />
		<Unit filename="src/addons/RealWorld/MapGeometryGenerator.h" />
		<Unit filename="src/addons/RealWorld/MapLoader.h" />
		<Unit filename="src/addons/RealWorld/MapManager.cpp" />
		<Unit filename="src/addons/RealWorld/MapManager.h" />
		<Unit filename="src/addons/RealWorld/MeshGenerator.h" />
		<Unit filename="src/addons/RealWorld/Modules/BaseModule.cpp" />
		<Unit filename="src/addons/RealWorld/Modules/BaseModule.h" />
		<Unit filename="src/addons/RealWorld/Modules/BaseWorldObject.h" />
		<Unit filename="src/addons/RealWorld/Modules/Building.h" />
		<Unit filename="src/addons/RealWorld/Modules/ModuleBuildings.cpp" />
		<Unit filename="src/addons/RealWorld/Modules/ModuleBuildings.h" />
		<Unit filename="src/addons/RealWorld/Modules/ModuleFloor.h" />
		<Unit filename="src/addons/RealWorld/Modules/ModuleStreets.cpp" />
		<Unit filename="src/addons/RealWorld/Modules/ModuleStreets.h" />
		<Unit filename="src/addons/RealWorld/Modules/ModuleTerrain.h" />
		<Unit filename="src/addons/RealWorld/Modules/ModuleTree.h" />
		<Unit filename="src/addons/RealWorld/Modules/ModuleWalls.h" />
		<Unit filename="src/addons/RealWorld/Modules/NaturalTree.h" />
		<Unit filename="src/addons/RealWorld/Modules/StreetJoint.h" />
		<Unit filename="src/addons/RealWorld/Modules/StreetSegment.h" />
		<Unit filename="src/addons/RealWorld/Modules/Terrain.h" />
		<Unit filename="src/addons/RealWorld/Modules/Wall.h" />
		<Unit filename="src/addons/RealWorld/Modules/triangulate.h" />
		<Unit filename="src/addons/RealWorld/OSM/OSMMap.h" />
		<Unit filename="src/addons/RealWorld/OSM/OSMMapDB.h" />
		<Unit filename="src/addons/RealWorld/OSM/OSMNode.h" />
		<Unit filename="src/addons/RealWorld/OSM/OSMWay.h" />
		<Unit filename="src/addons/RealWorld/RealWorld.cpp" />
		<Unit filename="src/addons/RealWorld/RealWorld.h" />
		<Unit filename="src/addons/RealWorld/StreetAlgos.h" />
		<Unit filename="src/addons/RealWorld/StreetBorder.h" />
		<Unit filename="src/addons/RealWorld/TestMover.h" />
		<Unit filename="src/addons/RealWorld/TextureManager.h" />
		<Unit filename="src/addons/RealWorld/Timer.h" />
		<Unit filename="src/addons/RealWorld/VRPyRealWorld.cpp" />
		<Unit filename="src/addons/RealWorld/VRPyRealWorld.h" />
		<Unit filename="src/addons/RealWorld/Vec2Helper.h" />
		<Unit filename="src/addons/RealWorld/World.h" />
		<Unit filename="src/addons/RealWorld/WorldFeatures/WorldFeatureExtractor.h" />
		<Unit filename="src/addons/RealWorld/json/autolink.h" />
		<Unit filename="src/addons/RealWorld/json/config.h" />
		<Unit filename="src/addons/RealWorld/json/features.h" />
		<Unit filename="src/addons/RealWorld/json/forwards.h" />
		<Unit filename="src/addons/RealWorld/json/json.h" />
		<Unit filename="src/addons/RealWorld/json/reader.h" />
		<Unit filename="src/addons/RealWorld/json/value.h" />
		<Unit filename="src/addons/RealWorld/json/writer.h" />
		<Unit filename="src/addons/RealWorld/nature/VRNatureManager.h" />
		<Unit filename="src/addons/RealWorld/nature/VRPyTree.cpp" />
		<Unit filename="src/addons/RealWorld/nature/VRPyTree.h" />
		<Unit filename="src/addons/RealWorld/nature/VRTree.cpp" />
		<Unit filename="src/addons/RealWorld/nature/VRTree.h" />
		<Unit filename="src/addons/RealWorld/traffic/JsonClient.cpp" />
		<Unit filename="src/addons/RealWorld/traffic/JsonClient.h" />
		<Unit filename="src/addons/RealWorld/traffic/ModuleTraffic.h" />
		<Unit filename="src/addons/RealWorld/traffic/TrafficSimulation.cpp" />
		<Unit filename="src/addons/RealWorld/traffic/TrafficSimulation.h" />
		<Unit filename="src/addons/RealWorld/traffic/VRPyTrafficSimulation.cpp" />
		<Unit filename="src/addons/RealWorld/traffic/VRPyTrafficSimulation.h" />
		<Unit filename="src/addons/RealWorld/traffic/simulation/Traffic.h" />
		<Unit filename="src/addons/RealWorld/traffic/simulation/src/DriverType.h" />
		<Unit filename="src/addons/RealWorld/traffic/simulation/src/IJsonServerListener.h" />
		<Unit filename="src/addons/RealWorld/traffic/simulation/src/JsonServer.h" />
		<Unit filename="src/addons/RealWorld/traffic/simulation/src/Mesosimulator.h" />
		<Unit filename="src/addons/RealWorld/traffic/simulation/src/Microsimulator.h" />
		<Unit filename="src/addons/RealWorld/traffic/simulation/src/NetworkInterface.h" />
		<Unit filename="src/addons/RealWorld/traffic/simulation/src/Node.h" />
		<Unit filename="src/addons/RealWorld/traffic/simulation/src/NodeLogic.h" />
		<Unit filename="src/addons/RealWorld/traffic/simulation/src/NodeLogicPriorityCrossing.h" />
		<Unit filename="src/addons/RealWorld/traffic/simulation/src/NodeLogicRightFirst.h" />
		<Unit filename="src/addons/RealWorld/traffic/simulation/src/NodeLogicTrafficLight.h" />
		<Unit filename="src/addons/RealWorld/traffic/simulation/src/RoadSystem.h" />
		<Unit filename="src/addons/RealWorld/traffic/simulation/src/Routing.h" />
		<Unit filename="src/addons/RealWorld/traffic/simulation/src/Street.h" />
		<Unit filename="src/addons/RealWorld/traffic/simulation/src/TrafficSimulator.h" />
		<Unit filename="src/addons/RealWorld/traffic/simulation/src/Vehicle.h" />
		<Unit filename="src/addons/RealWorld/traffic/simulation/src/VehicleType.h" />
		<Unit filename="src/addons/RealWorld/traffic/simulation/src/networkDocu.h" />
		<Unit filename="src/addons/RealWorld/traffic/simulation/src/qtgui/renderarea.h" />
		<Unit filename="src/addons/RealWorld/traffic/simulation/src/qtgui/window.h" />
		<Unit filename="src/addons/RealWorld/traffic/simulation/src/timer.h" />
		<Unit filename="src/addons/RealWorld/traffic/simulation/src/types.h" />
		<Unit filename="src/addons/RealWorld/triangulate.cpp" />
		<Unit filename="src/addons/Sandbox.h" />
		<Unit filename="src/addons/SimViDekont/GeoIO.h" />
		<Unit filename="src/addons/SimViDekont/Player.h" />
		<Unit filename="src/addons/SimViDekont/SimViDekont.cpp" />
		<Unit filename="src/addons/SimViDekont/SimViDekont.h" />
		<Unit filename="src/addons/SimViDekont/VRPySimViDekont.cpp" />
		<Unit filename="src/addons/SimViDekont/VRPySimViDekont.h" />
		<Unit filename="src/addons/SimViDekont/VRabq.h" />
		<Unit filename="src/addons/SimViDekont/struct.h" />
		<Unit filename="src/addons/VRFurnitureManager.h" />
		<Unit filename="src/addons/construction/building/VRElectricDevice.cpp" />
		<Unit filename="src/addons/construction/building/VRElectricDevice.h" />
		<Unit filename="src/addons/construction/building/VROpening.cpp" />
		<Unit filename="src/addons/construction/building/VROpening.h" />
		<Unit filename="src/addons/construction/building/furniture/VRBlinds.cpp" />
		<Unit filename="src/addons/construction/building/furniture/VRBlinds.h" />
		<Unit filename="src/core/gui/VRDemos.cpp" />
		<Unit filename="src/core/gui/VRDemos.h" />
		<Unit filename="src/core/gui/VRGuiBits.cpp" />
		<Unit filename="src/core/gui/VRGuiBits.h" />
		<Unit filename="src/core/gui/VRGuiContextMenu.cpp" />
		<Unit filename="src/core/gui/VRGuiContextMenu.h" />
		<Unit filename="src/core/gui/VRGuiFile.cpp" />
		<Unit filename="src/core/gui/VRGuiFile.h" />
		<Unit filename="src/core/gui/VRGuiGeneral.cpp" />
		<Unit filename="src/core/gui/VRGuiGeneral.h" />
		<Unit filename="src/core/gui/VRGuiManager.cpp" />
		<Unit filename="src/core/gui/VRGuiManager.h" />
		<Unit filename="src/core/gui/VRGuiMonitor.cpp" />
		<Unit filename="src/core/gui/VRGuiMonitor.h" />
		<Unit filename="src/core/gui/VRGuiNav.cpp" />
		<Unit filename="src/core/gui/VRGuiNav.h" />
		<Unit filename="src/core/gui/VRGuiNet.cpp" />
		<Unit filename="src/core/gui/VRGuiNet.h" />
		<Unit filename="src/core/gui/VRGuiScene.cpp" />
		<Unit filename="src/core/gui/VRGuiScene.h" />
		<Unit filename="src/core/gui/VRGuiScripts.cpp" />
		<Unit filename="src/core/gui/VRGuiScripts.h" />
		<Unit filename="src/core/gui/VRGuiSetup.cpp" />
		<Unit filename="src/core/gui/VRGuiSetup.h" />
		<Unit filename="src/core/gui/VRGuiSignals.cpp" />
		<Unit filename="src/core/gui/VRGuiSignals.h" />
		<Unit filename="src/core/gui/VRGuiUtils.cpp" />
		<Unit filename="src/core/gui/VRGuiUtils.h" />
		<Unit filename="src/core/gui/VRGuiVectorEntry.cpp" />
		<Unit filename="src/core/gui/VRGuiVectorEntry.h" />
		<Unit filename="src/core/math/Octree.cpp" />
		<Unit filename="src/core/math/Octree.h" />
		<Unit filename="src/core/math/coordinates.cpp" />
		<Unit filename="src/core/math/coordinates.h" />
		<Unit filename="src/core/math/interpolator.cpp" />
		<Unit filename="src/core/math/interpolator.h" />
		<Unit filename="src/core/math/patch.cpp" />
		<Unit filename="src/core/math/patch.h" />
		<Unit filename="src/core/math/path.cpp" />
		<Unit filename="src/core/math/path.h" />
		<Unit filename="src/core/navigation/VRNavigator.cpp" />
		<Unit filename="src/core/navigation/VRNavigator.h" />
		<Unit filename="src/core/networking/VRCommunication.h" />
		<Unit filename="src/core/networking/VRHTTPSocket.h" />
		<Unit filename="src/core/networking/VRMainInterface.cpp" />
		<Unit filename="src/core/networking/VRMainInterface.h" />
		<Unit filename="src/core/networking/VRNetworkManager.cpp" />
		<Unit filename="src/core/networking/VRNetworkManager.h" />
		<Unit filename="src/core/networking/VRPing.cpp" />
		<Unit filename="src/core/networking/VRPing.h" />
		<Unit filename="src/core/networking/VRProtocol.cpp" />
		<Unit filename="src/core/networking/VRProtocol.h" />
		<Unit filename="src/core/networking/VRSocket.cpp" />
		<Unit filename="src/core/networking/VRSocket.h" />
		<Unit filename="src/core/networking/mongoose/mongoose.c">
			<Option compilerVar="CC" />
		</Unit>
		<Unit filename="src/core/networking/mongoose/mongoose.h" />
		<Unit filename="src/core/objects/VRAnimation.cpp" />
		<Unit filename="src/core/objects/VRAnimation.h" />
		<Unit filename="src/core/objects/VRCamera.cpp" />
		<Unit filename="src/core/objects/VRCamera.h" />
		<Unit filename="src/core/objects/VRGroup.cpp" />
		<Unit filename="src/core/objects/VRGroup.h" />
		<Unit filename="src/core/objects/VRLight.cpp" />
		<Unit filename="src/core/objects/VRLight.h" />
		<Unit filename="src/core/objects/VRLightBeacon.cpp" />
		<Unit filename="src/core/objects/VRLightBeacon.h" />
		<Unit filename="src/core/objects/VRLod.cpp" />
		<Unit filename="src/core/objects/VRLod.h" />
		<Unit filename="src/core/objects/VRTransform.cpp" />
		<Unit filename="src/core/objects/VRTransform.h" />
		<Unit filename="src/core/objects/geometry/VRBillboard.cpp" />
		<Unit filename="src/core/objects/geometry/VRBillboard.h" />
		<Unit filename="src/core/objects/geometry/VRConstraint.cpp" />
		<Unit filename="src/core/objects/geometry/VRConstraint.h" />
		<Unit filename="src/core/objects/geometry/VRGeometry.cpp" />
		<Unit filename="src/core/objects/geometry/VRGeometry.h" />
		<Unit filename="src/core/objects/geometry/VRPhysics.cpp" />
		<Unit filename="src/core/objects/geometry/VRPhysics.h" />
		<Unit filename="src/core/objects/geometry/VRPrimitive.cpp" />
		<Unit filename="src/core/objects/geometry/VRPrimitive.h" />
		<Unit filename="src/core/objects/geometry/VRSprite.cpp" />
		<Unit filename="src/core/objects/geometry/VRSprite.h" />
		<Unit filename="src/core/objects/geometry/VRStroke.cpp" />
		<Unit filename="src/core/objects/geometry/VRStroke.h" />
		<Unit filename="src/core/objects/material/VRBricks.cpp" />
		<Unit filename="src/core/objects/material/VRBricks.h" />
		<Unit filename="src/core/objects/material/VRMaterial.cpp" />
		<Unit filename="src/core/objects/material/VRMaterial.h" />
		<Unit filename="src/core/objects/material/VRMaterialT.h" />
		<Unit filename="src/core/objects/material/VRPerlin.cpp" />
		<Unit filename="src/core/objects/material/VRPerlin.h" />
		<Unit filename="src/core/objects/material/VRShader.cpp" />
		<Unit filename="src/core/objects/material/VRShader.h" />
		<Unit filename="src/core/objects/material/VRTextureGenerator.cpp" />
		<Unit filename="src/core/objects/material/VRTextureGenerator.h" />
		<Unit filename="src/core/objects/material/VRVideo.cpp" />
		<Unit filename="src/core/objects/material/VRVideo.h" />
		<Unit filename="src/core/objects/object/VRAttachment.cpp" />
		<Unit filename="src/core/objects/object/VRAttachment.h" />
		<Unit filename="src/core/objects/object/VRObject.cpp" />
		<Unit filename="src/core/objects/object/VRObject.h" />
		<Unit filename="src/core/objects/object/VRObjectT.h" />
		<Unit filename="src/core/scene/VRAnimationManager.cpp" />
		<Unit filename="src/core/scene/VRAnimationManager.h" />
		<Unit filename="src/core/scene/VRAnimationManagerT.h" />
		<Unit filename="src/core/scene/VRBackground.cpp" />
		<Unit filename="src/core/scene/VRBackground.h" />
		<Unit filename="src/core/scene/VRCallbackManager.cpp" />
		<Unit filename="src/core/scene/VRCallbackManager.h" />
		<Unit filename="src/core/scene/VRCameraManager.cpp" />
		<Unit filename="src/core/scene/VRCameraManager.h" />
		<Unit filename="src/core/scene/VRDefShading.cpp" />
		<Unit filename="src/core/scene/VRDefShading.h" />
		<Unit filename="src/core/scene/VRLightManager.cpp" />
		<Unit filename="src/core/scene/VRLightManager.h" />
		<Unit filename="src/core/scene/VRMaterialManager.cpp" />
		<Unit filename="src/core/scene/VRMaterialManager.h" />
		<Unit filename="src/core/scene/VRObjectManager.cpp" />
		<Unit filename="src/core/scene/VRObjectManager.h" />
		<Unit filename="src/core/scene/VRPhysicsManager.cpp" />
		<Unit filename="src/core/scene/VRPhysicsManager.h" />
		<Unit filename="src/core/scene/VRRenderManager.cpp" />
		<Unit filename="src/core/scene/VRRenderManager.h" />
		<Unit filename="src/core/scene/VRScene.cpp" />
		<Unit filename="src/core/scene/VRScene.h" />
		<Unit filename="src/core/scene/VRSceneLoader.cpp" />
		<Unit filename="src/core/scene/VRSceneLoader.h" />
		<Unit filename="src/core/scene/VRSceneManager.cpp" />
		<Unit filename="src/core/scene/VRSceneManager.h" />
		<Unit filename="src/core/scene/VRSoundManager.cpp" />
		<Unit filename="src/core/scene/VRSoundManager.h" />
		<Unit filename="src/core/scene/VRThreadManager.cpp" />
		<Unit filename="src/core/scene/VRThreadManager.h" />
		<Unit filename="src/core/scene/import/VRCOLLADA.cpp" />
		<Unit filename="src/core/scene/import/VRCOLLADA.h" />
		<Unit filename="src/core/scene/import/VRImport.cpp" />
		<Unit filename="src/core/scene/import/VRImport.h" />
		<Unit filename="src/core/scene/import/VRPLY.cpp" />
		<Unit filename="src/core/scene/import/VRPLY.h" />
		<Unit filename="src/core/scripting/VRPyAnimation.cpp" />
		<Unit filename="src/core/scripting/VRPyAnimation.h" />
		<Unit filename="src/core/scripting/VRPyBase.cpp" />
		<Unit filename="src/core/scripting/VRPyBase.h" />
		<Unit filename="src/core/scripting/VRPyBaseT.h" />
		<Unit filename="src/core/scripting/VRPyClipPlane.cpp" />
		<Unit filename="src/core/scripting/VRPyClipPlane.h" />
		<Unit filename="src/core/scripting/VRPyColorChooser.cpp" />
		<Unit filename="src/core/scripting/VRPyColorChooser.h" />
		<Unit filename="src/core/scripting/VRPyConstraint.cpp" />
		<Unit filename="src/core/scripting/VRPyConstraint.h" />
		<Unit filename="src/core/scripting/VRPyConstructionKit.cpp" />
		<Unit filename="src/core/scripting/VRPyConstructionKit.h" />
		<Unit filename="src/core/scripting/VRPyDevice.cpp" />
		<Unit filename="src/core/scripting/VRPyDevice.h" />
		<Unit filename="src/core/scripting/VRPyGeometry.cpp" />
		<Unit filename="src/core/scripting/VRPyGeometry.h" />
		<Unit filename="src/core/scripting/VRPyHaptic.cpp" />
		<Unit filename="src/core/scripting/VRPyHaptic.h" />
		<Unit filename="src/core/scripting/VRPyImage.cpp" />
		<Unit filename="src/core/scripting/VRPyImage.h" />
		<Unit filename="src/core/scripting/VRPyLight.cpp" />
		<Unit filename="src/core/scripting/VRPyLight.h" />
		<Unit filename="src/core/scripting/VRPyListMath.cpp" />
		<Unit filename="src/core/scripting/VRPyListMath.h" />
		<Unit filename="src/core/scripting/VRPyLod.cpp" />
		<Unit filename="src/core/scripting/VRPyLod.h" />
		<Unit filename="src/core/scripting/VRPyMaterial.cpp" />
		<Unit filename="src/core/scripting/VRPyMaterial.h" />
		<Unit filename="src/core/scripting/VRPyMenu.cpp" />
		<Unit filename="src/core/scripting/VRPyMenu.h" />
		<Unit filename="src/core/scripting/VRPyNavPreset.cpp" />
		<Unit filename="src/core/scripting/VRPyNavPreset.h" />
		<Unit filename="src/core/scripting/VRPyNavigator.cpp" />
		<Unit filename="src/core/scripting/VRPyNavigator.h" />
		<Unit filename="src/core/scripting/VRPyObject.cpp" />
		<Unit filename="src/core/scripting/VRPyObject.h" />
		<Unit filename="src/core/scripting/VRPyPath.cpp" />
		<Unit filename="src/core/scripting/VRPyPath.h" />
		<Unit filename="src/core/scripting/VRPyPathtool.cpp" />
		<Unit filename="src/core/scripting/VRPyPathtool.h" />
		<Unit filename="src/core/scripting/VRPyRecorder.cpp" />
		<Unit filename="src/core/scripting/VRPyRecorder.h" />
		<Unit filename="src/core/scripting/VRPySelector.cpp" />
		<Unit filename="src/core/scripting/VRPySelector.h" />
		<Unit filename="src/core/scripting/VRPySetup.cpp" />
		<Unit filename="src/core/scripting/VRPySetup.h" />
		<Unit filename="src/core/scripting/VRPySnappingEngine.cpp" />
		<Unit filename="src/core/scripting/VRPySnappingEngine.h" />
		<Unit filename="src/core/scripting/VRPySocket.cpp" />
		<Unit filename="src/core/scripting/VRPySocket.h" />
		<Unit filename="src/core/scripting/VRPySound.cpp" />
		<Unit filename="src/core/scripting/VRPySound.h" />
		<Unit filename="src/core/scripting/VRPySprite.cpp" />
		<Unit filename="src/core/scripting/VRPySprite.h" />
		<Unit filename="src/core/scripting/VRPyStroke.cpp" />
		<Unit filename="src/core/scripting/VRPyStroke.h" />
		<Unit filename="src/core/scripting/VRPyTextureGenerator.cpp" />
		<Unit filename="src/core/scripting/VRPyTextureGenerator.h" />
		<Unit filename="src/core/scripting/VRPyTransform.cpp" />
		<Unit filename="src/core/scripting/VRPyTransform.h" />
		<Unit filename="src/core/scripting/VRPyTypeCaster.cpp" />
		<Unit filename="src/core/scripting/VRPyTypeCaster.h" />
		<Unit filename="src/core/scripting/VRScript.cpp" />
		<Unit filename="src/core/scripting/VRScript.h" />
		<Unit filename="src/core/scripting/VRScriptManager.cpp" />
		<Unit filename="src/core/scripting/VRScriptManager.h" />
		<Unit filename="src/core/setup/VRSetup.cpp" />
		<Unit filename="src/core/setup/VRSetup.h" />
		<Unit filename="src/core/setup/VRSetupManager.cpp" />
		<Unit filename="src/core/setup/VRSetupManager.h" />
		<Unit filename="src/core/setup/devices/VRAvatar.cpp" />
		<Unit filename="src/core/setup/devices/VRAvatar.h" />
		<Unit filename="src/core/setup/devices/VRCallbackManager.h" />
		<Unit filename="src/core/setup/devices/VRDevice.cpp" />
		<Unit filename="src/core/setup/devices/VRDevice.h" />
		<Unit filename="src/core/setup/devices/VRDeviceManager.cpp" />
		<Unit filename="src/core/setup/devices/VRDeviceManager.h" />
		<Unit filename="src/core/setup/devices/VRFlystick.cpp" />
		<Unit filename="src/core/setup/devices/VRFlystick.h" />
		<Unit filename="src/core/setup/devices/VRHaptic.cpp" />
		<Unit filename="src/core/setup/devices/VRHaptic.h" />
		<Unit filename="src/core/setup/devices/VRIntersect.cpp" />
		<Unit filename="src/core/setup/devices/VRIntersect.h" />
		<Unit filename="src/core/setup/devices/VRKeyboard.cpp" />
		<Unit filename="src/core/setup/devices/VRKeyboard.h" />
		<Unit filename="src/core/setup/devices/VRMobile.cpp" />
		<Unit filename="src/core/setup/devices/VRMobile.h" />
		<Unit filename="src/core/setup/devices/VRMouse.cpp" />
		<Unit filename="src/core/setup/devices/VRMouse.h" />
		<Unit filename="src/core/setup/devices/VRSignal.cpp" />
		<Unit filename="src/core/setup/devices/VRSignal.h" />
		<Unit filename="src/core/setup/devices/virtuose.cpp" />
		<Unit filename="src/core/setup/devices/virtuose.h" />
		<Unit filename="src/core/setup/tracking/ART.cpp" />
		<Unit filename="src/core/setup/tracking/ART.h" />
		<Unit filename="src/core/setup/tracking/DTrack.cpp" />
		<Unit filename="src/core/setup/tracking/DTrack.h" />
		<Unit filename="src/core/setup/tracking/Kinect.h" />
		<Unit filename="src/core/setup/tracking/VRPN.cpp" />
		<Unit filename="src/core/setup/tracking/VRPN.h" />
		<Unit filename="src/core/setup/windows/VRGlutWindow.cpp" />
		<Unit filename="src/core/setup/windows/VRGlutWindow.h" />
		<Unit filename="src/core/setup/windows/VRGtkWindow.cpp" />
		<Unit filename="src/core/setup/windows/VRGtkWindow.h" />
		<Unit filename="src/core/setup/windows/VRMultiWindow.cpp" />
		<Unit filename="src/core/setup/windows/VRMultiWindow.h" />
		<Unit filename="src/core/setup/windows/VRView.cpp" />
		<Unit filename="src/core/setup/windows/VRView.h" />
		<Unit filename="src/core/setup/windows/VRViewManager.cpp" />
		<Unit filename="src/core/setup/windows/VRViewManager.h" />
		<Unit filename="src/core/setup/windows/VRWindow.cpp" />
		<Unit filename="src/core/setup/windows/VRWindow.h" />
		<Unit filename="src/core/setup/windows/VRWindowManager.cpp" />
		<Unit filename="src/core/setup/windows/VRWindowManager.h" />
		<Unit filename="src/core/tools/VRClipPlane.cpp" />
		<Unit filename="src/core/tools/VRClipPlane.h" />
		<Unit filename="src/core/tools/VRColorChooser.cpp" />
		<Unit filename="src/core/tools/VRColorChooser.h" />
		<Unit filename="src/core/tools/VRConstructionKit.cpp" />
		<Unit filename="src/core/tools/VRConstructionKit.h" />
		<Unit filename="src/core/tools/VRMenu.cpp" />
		<Unit filename="src/core/tools/VRMenu.h" />
		<Unit filename="src/core/tools/VRMesure.cpp" />
		<Unit filename="src/core/tools/VRMesure.h" />
		<Unit filename="src/core/tools/VRPathtool.cpp" />
		<Unit filename="src/core/tools/VRPathtool.h" />
		<Unit filename="src/core/tools/VRQRCode.cpp" />
		<Unit filename="src/core/tools/VRQRCode.h" />
		<Unit filename="src/core/tools/VRRecorder.cpp" />
		<Unit filename="src/core/tools/VRRecorder.h" />
		<Unit filename="src/core/tools/VRSelector.cpp" />
		<Unit filename="src/core/tools/VRSelector.h" />
		<Unit filename="src/core/tools/VRSnappingEngine.cpp" />
		<Unit filename="src/core/tools/VRSnappingEngine.h" />
		<Unit filename="src/core/tools/VRText.cpp" />
		<Unit filename="src/core/tools/VRText.h" />
		<Unit filename="src/core/utils/VRDoublebuffer.cpp" />
		<Unit filename="src/core/utils/VRDoublebuffer.h" />
		<Unit filename="src/core/utils/VRFlags.cpp" />
		<Unit filename="src/core/utils/VRFlags.h" />
		<Unit filename="src/core/utils/VRFunction.cpp" />
		<Unit filename="src/core/utils/VRFunction.h" />
		<Unit filename="src/core/utils/VRInternalMonitor.cpp" />
		<Unit filename="src/core/utils/VRInternalMonitor.h" />
		<Unit filename="src/core/utils/VRLogger.cpp" />
		<Unit filename="src/core/utils/VRLogger.h" />
		<Unit filename="src/core/utils/VRName.cpp" />
		<Unit filename="src/core/utils/VRName.h" />
		<Unit filename="src/core/utils/VROptions.cpp" />
		<Unit filename="src/core/utils/VROptions.h" />
		<Unit filename="src/core/utils/VRProfiler.cpp" />
		<Unit filename="src/core/utils/VRProfiler.h" />
		<Unit filename="src/core/utils/VRProgress.cpp" />
		<Unit filename="src/core/utils/VRProgress.h" />
		<Unit filename="src/core/utils/VRRate.cpp" />
		<Unit filename="src/core/utils/VRRate.h" />
		<Unit filename="src/core/utils/VRStorage.cpp" />
		<Unit filename="src/core/utils/VRStorage.h" />
		<Unit filename="src/core/utils/VRStorage_template.h" />
		<Unit filename="src/core/utils/VRTimer.cpp" />
		<Unit filename="src/core/utils/VRTimer.h" />
		<Unit filename="src/core/utils/VRVisualLayer.cpp" />
		<Unit filename="src/core/utils/VRVisualLayer.h" />
		<Unit filename="src/core/utils/isNan.cpp" />
		<Unit filename="src/core/utils/isNan.h" />
		<Unit filename="src/core/utils/toString.cpp" />
		<Unit filename="src/core/utils/toString.h" />
		<Unit filename="src/main.cpp" />
		<Extensions>
			<code_completion />
			<debugger />
			<envvars />
		</Extensions>
	</Project>
</CodeBlocks_project_file>
