<?xml version="1.0" encoding="UTF-8" standalone="yes" ?>
<CodeBlocks_project_file>
	<FileVersion major="1" minor="6" />
	<Project>
		<Option title="PolyVR" />
		<Option pch_mode="2" />
		<Option compiler="gcc" />
		<Build>
			<Target title="Debug">
				<Option output="bin/Debug/VRFramework" prefix_auto="1" extension_auto="1" />
				<Option object_output="obj/Debug/" />
				<Option type="1" />
				<Option compiler="gcc" />
				<Compiler>
					<Add option="-O2" />
					<Add option="-g" />
				</Compiler>
				<ExtraCommands>
					<Add before="src/version/genVersion.sh" />
					<Mode after="always" />
				</ExtraCommands>
			</Target>
			<Target title="Release">
				<Option output="bin/Release/VRFramework" prefix_auto="1" extension_auto="1" />
				<Option object_output="obj/Release/" />
				<Option type="1" />
				<Option compiler="gcc" />
				<Compiler>
					<Add option="-O2" />
				</Compiler>
				<Linker>
					<Add option="-s" />
				</Linker>
			</Target>
		</Build>
		<Compiler>
			<Add option="-Wall" />
			<Add option="-std=c++14" />
			<Add option="-fPIC" />
			<Add option="`pkg-config gtk+-3.0 --cflags`" />
			<Add option="`pkg-config gmodule-2.0 --cflags`" />
			<Add option="`pkg-config python --cflags`" />
			<Add option="-fopenmp" />
			<Add option="-use_readonly_const" />
			<Add option="-Wno-deprecated" />
			<Add option="-frounding-math" />
			<Add option="-ftime-report" />
			<Add option="-fno-strict-aliasing" />
			<Add option="-DLC_ALL=C" />
			<Add option="-DLINUX" />
			<Add option="-DOSG2" />
			<Add option="-D_GNU_SOURCE" />
			<Add option="-DQT_CLEAN_NAMESPACE" />
			<Add option="-DOSG_WITH_GLUT" />
			<Add option="-DOSG_WITH_QT" />
			<Add option="-DOSG_WITH_JPG" />
			<Add option="-DOSG_WITH_PNG" />
			<Add option="-DOSG_WITH_COLLADA" />
			<Add option="-DOSG_ENABLE_OGL_VERTEXT_ATTRIB_FUNCS=ON" />
			<Add option="-D_OSG_HAVE_CONFIGURED_H_" />
			<Add option="-DQT_NO_XINERAMA" />
			<Add option="-DQT_NO_XRENDER" />
			<Add option="-DQT_NO_XFTFREETYPE" />
			<Add option="-DQT_NO_XKB" />
			<Add option="-DQT_NO_SM_SUPPORT" />
			<Add option="-DQT_NO_IMAGEIO_MNG" />
			<Add option="-DQT_NO_IMAGEIO_JPEG" />
			<Add option="-DQT_NO_STYLE_AQUA" />
			<Add option="-DQT_NO_STYLE_MAC" />
			<Add option="-DQT_NO_STYLE_INTERLACE" />
			<Add option="-DQT_NO_STYLE_COMPACT" />
			<Add option="-DOSG_BUILD_ACTIVE" />
			<Add option="-DCRT_SECURE_NO_DEPRECATE" />
			<Add option="-DCRT_SECURE_NO_WARNINGS" />
			<Add option="-DCRT_NONSTDC_NO_DEPRECATE" />
			<Add option="-DSECURE_SCL=0" />
			<Add option="-D_SCL_SECURE_NO_WARNINGS" />
			<Add option="-D_SCL_SECURE_NO_DEPRECATE" />
			<Add option="-D__GCCXML__" />
			<Add option="-DCGAL_CFG_NO_CPP0X_ARRAY" />
			<Add option="-DCGAL_CFG_NO_TR1_ARRAY" />
			<Add option="-DCGAL_CFG_NO_VARIADIC_TEMPLATES" />
			<Add option="-DNDEBUG" />
			<Add option="-DCGAL_NDEBUG" />
			<Add option="-D__STDC_CONSTANT_MACROS" />
			<Add option="-D_GLIBCXX_USE_CXX11_ABI=1" />
			<Add option="-DBOOST_NO_COMPILER_CONFIG" />
			<Add option="-DBOOST_NO_CXX14_DECLTYPE_AUTO" />
			<Add option="-DBOOST_NO_CXX14_CONSTEXPR" />
			<Add option="-DBOOST_NO_CXX11_DECLTYPE_N3276" />
			<Add option="-DBOOST_NO_CXX11_HDR_ATOMIC=1" />
			<Add option="-DGL_GLEXT_PROTOTYPES" />
			<Add option="-DWITH_SHADOW_VOLUME" />
			<Add option="-DWITH_OPCUA" />
			<Add option="-DWITH_CLUSTERING_FIX" />
			<Add option="-DCEF18" />
			<Add option="-DGDK_GL_COMPILATION" />
			<Add option="-DGTK_GL_COMPILATION" />
			<Add option="-DGTK_SOURCE_COMPILATION" />
			<Add option="-DWITHOUT_OPENVR" />
			<Add directory="/usr/include/pango-1.0" />
			<Add directory="/usr/include/glib-2.0" />
			<Add directory="/usr/lib64/glib-2.0/include" />
			<Add directory="/usr/include/freetype2" />
			<Add directory="/usr/include/cairo" />
			<Add directory="/usr/include/libpng12" />
			<Add directory="/usr/lib/glib-2.0/include" />
			<Add directory="/usr/lib/x86_64-linux-gnu/glib-2.0/include" />
			<Add directory="/usr/include/vtk-5.8/" />
			<Add directory="/usr/include/bullet" />
			<Add directory="/usr/include/CEF" />
			<Add directory="src" />
			<Add directory="/usr/include/opensg" />
			<Add directory="/usr/include/collada" />
			<Add directory="/usr/include/STEPcode" />
			<Add directory="/usr/include/vtk-5.10" />
			<Add directory="/usr/include/Vive" />
			<Add directory="/usr/include/OCE" />
			<Add directory="/usr/include/IFC" />
			<Add directory="/usr/include/vtk-7.1/" />
			<Add directory="/usr/include/OPCUA" />
			<Add directory="/usr/include/DWG" />
			<Add directory="/usr/include/libxml2" />
			<Add directory="/usr/include/eigen3" />
		</Compiler>
		<Linker>
			<Add option="-lTKV3d" />
			<Add option="-lTKernel" />
			<Add option="-lTKMath" />
			<Add option="-lTKBRep" />
			<Add option="-lIfcGeom" />
			<Add option="-lTKGeomBase" />
			<Add option="-lTKGeomAlgo" />
			<Add option="-lTKG3d" />
			<Add option="-lTKG2d" />
			<Add option="-lTKShHealing" />
			<Add option="-lTKTopAlgo" />
			<Add option="-lTKMesh" />
			<Add option="-lTKPrim" />
			<Add option="-lTKBool" />
			<Add option="-lTKBO" />
			<Add option="-lTKFillet" />
			<Add option="-lTKSTEP" />
			<Add option="-lTKXSBase" />
			<Add option="-lTKXCAF" />
			<Add option="-lTKLCAF" />
			<Add option="-lTKXDESTEP" />
			<Add option="-lTKIGES" />
			<Add option="-lTKOffset" />
			<Add option="-lTKSTEPAttr" />
			<Add option="-lTKSTEP209" />
			<Add option="-lTKSTEPBase" />
			<Add option="-lIfcParse" />
			<Add option="`pkg-config icu-i18n --libs`" />
			<Add option="-lcef" />
			<Add option="-lcef_dll_wrapper" />
			<Add option="`pkg-config gtk+-3.0 --libs`" />
			<Add option="`pkg-config gmodule-2.0 --libs`" />
			<Add option="`pkg-config bullet --libs`" />
			<Add option="`pkg-config python --libs`" />
			<Add option="`pkg-config vte --libs`" />
			<Add option="-ljsoncpp" />
			<Add option="-lvrpn" />
			<Add option="-lquat" />
			<Add option="-lvtkalglib-7.1" />
			<Add option="-lvtkGeovisCore-7.1" />
			<Add option="-lvtkChartsCore-7.1" />
			<Add option="-lvtkRenderingCore-7.1" />
			<Add option="-lvtkCommonCore-7.1" />
			<Add option="-lvtksys-7.1" />
			<Add option="-lvtkDICOMParser-7.1" />
			<Add option="-lvtkImagingCore-7.1" />
			<Add option="-lvtkverdict-7.1" />
			<Add option="-lvtkexoIIc-7.1" />
			<Add option="-lvtkInfovisCore-7.1" />
			<Add option="-lvtkViewsCore-7.1" />
			<Add option="-lvtkIOLegacy-7.1" />
			<Add option="-lvtkmetaio-7.1" />
			<Add option="-lvtkParallelCore-7.1" />
			<Add option="-lvtkCommonDataModel-7.1" />
			<Add option="-lvirtuose" />
			<Add option="-lCGAL" />
			<Add option="-lgdal" />
			<Add option="-lgmp" />
			<Add option="-lmpfr" />
			<Add option="-lmtdev" />
			<Add option="-lSDL" />
			<Add option="-lmicrohttpd" />
			<Add option="-lcurl" />
			<Add option="-rdynamic" />
			<Add option="-lOSGBase" />
			<Add option="-lOSGContribTrapezoidalShadowMaps" />
			<Add option="-lOSGCluster" />
			<Add option="-lOSGDrawable" />
			<Add option="-lOSGEffectGroups" />
			<Add option="-lOSGFileIO" />
			<Add option="-lOSGGroup" />
			<Add option="-lOSGImageFileIO" />
			<Add option="-lOSGState" />
			<Add option="-lOSGSystem" />
			<Add option="-lOSGUtil" />
			<Add option="-lOSGText" />
			<Add option="-lOSGWindow" />
			<Add option="-lOSGWindowGLUT" />
			<Add option="-lOSGWindowX" />
			<Add option="-lcollada14dom" />
			<Add option="-lGLU" />
			<Add option="-lGL" />
			<Add option="-lepoxy" />
			<Add option="-lSM" />
			<Add option="-lICE" />
			<Add option="-lX11" />
			<Add option="-lXext" />
			<Add option="-lglut" />
			<Add option="-lXmu" />
			<Add option="-lXi" />
			<Add option="-lboost_system" />
			<Add option="-lboost_program_options" />
			<Add option="-lboost_serialization" />
			<Add option="-lboost_filesystem" />
			<Add option="-lboost_regex" />
			<Add option="-lrt" />
			<Add option="-ljpeg" />
			<Add option="-lpng" />
			<Add option="-lz" />
			<Add option="-lXt" />
			<Add option="-lbase" />
			<Add option="-lsdai_ap214e3" />
			<Add option="-lstepdai" />
			<Add option="-lsteputils" />
			<Add option="-lexppp" />
			<Add option="-lexpress" />
			<Add option="-lstepcore" />
			<Add option="-lstepeditor" />
			<Add option="-lsteplazyfile" />
			<Add option="-lpthread" />
			<Add option="-ldl" />
			<Add option="-lm" />
			<Add option="-lopenal" />
			<Add option="-lavformat" />
			<Add option="-lavcodec" />
			<Add option="-lavresample" />
			<Add option="-lswscale" />
			<Add option="-lavutil" />
			<Add option="-lqrencode" />
			<Add option="-ludev" />
			<Add option="-lraptor2" />
			<Add option="-lgomp" />
			<Add option="-llapacke" />
			<Add option="-lHACD" />
			<Add option="-lssh2" />
			<Add option="-lfftw3" />
			<Add option="-lcrypto++" />
			<Add option="-lopcuaclient" />
			<Add option="-lopcuaserver" />
			<Add option="-lopcuaprotocol" />
			<Add option="-lopcuacore" />
			<Add option="-lxml2" />
			<Add option="-lredwg" />
			<Add option="-Wl,-rpath=/usr/lib/x86_64-linux-gnu:/usr/lib/OCE" />
			<Add directory="/usr/lib/virtuose" />
			<Add directory="/usr/lib/opensg" />
			<Add directory="/usr/lib/CEF" />
			<Add directory="/usr/include/CEF/include" />
			<Add directory="/usr/lib/STEPcode" />
			<Add directory="/usr/lib/1.4" />
			<Add directory="/usr/lib/IFC" />
			<Add directory="/usr/lib/OPCUA" />
			<Add directory="/usr/lib/OCE" />
			<Add directory="/usr/lib/DWG" />
		</Linker>
		<ExtraCommands>
			<Add after='/bin/bash -c &quot;mkdir -p bin/Release 2&gt;/dev/null&quot;' />
			<Add after='/bin/bash -c &quot;mkdir -p bin/Debug 2&gt;/dev/null&quot;' />
			<Add after='/bin/bash -c &quot;cp -u -p ressources/cef18/*.bin bin/Release/ 2&gt;/dev/null&quot;' />
			<Add after='/bin/bash -c &quot;cp -u -p ressources/cef18/*.bin bin/Debug/ 2&gt;/dev/null&quot;' />
			<Add after='/bin/bash -c &quot;cp -u -p ressources/cef18/icudtl.dat bin/Release/ 2&gt;/dev/null&quot;' />
			<Add after='/bin/bash -c &quot;cp -u -p ressources/cef18/icudtl.dat bin/Debug/ 2&gt;/dev/null&quot;' />
			<Mode after="always" />
		</ExtraCommands>
		<Unit filename="src/PolyVR.cpp" />
		<Unit filename="src/PolyVR.h" />
		<Unit filename="src/PolyVRFwd.h" />
		<Unit filename="src/addons/Algorithms/VRAlgorithmsFwd.h" />
		<Unit filename="src/addons/Algorithms/VRGraphLayout.cpp" />
		<Unit filename="src/addons/Algorithms/VRGraphLayout.h" />
		<Unit filename="src/addons/Algorithms/VRPathFinding.cpp" />
		<Unit filename="src/addons/Algorithms/VRPathFinding.h" />
		<Unit filename="src/addons/Algorithms/VRPyGraphLayout.cpp" />
		<Unit filename="src/addons/Algorithms/VRPyGraphLayout.h" />
		<Unit filename="src/addons/Algorithms/VRPyPathFinding.cpp" />
		<Unit filename="src/addons/Algorithms/VRPyPathFinding.h" />
		<Unit filename="src/addons/Bullet/CarDynamics/CarDynamics.cpp" />
		<Unit filename="src/addons/Bullet/CarDynamics/CarDynamics.h" />
		<Unit filename="src/addons/Bullet/CarDynamics/CarSound/CarSound.cpp" />
		<Unit filename="src/addons/Bullet/CarDynamics/CarSound/CarSound.h" />
		<Unit filename="src/addons/Bullet/CarDynamics/VRDriver.cpp" />
		<Unit filename="src/addons/Bullet/CarDynamics/VRDriver.h" />
		<Unit filename="src/addons/Bullet/CarDynamics/VRPyCarDynamics.cpp" />
		<Unit filename="src/addons/Bullet/CarDynamics/VRPyCarDynamics.h" />
		<Unit filename="src/addons/Bullet/Fluids/VRFluids.cpp" />
		<Unit filename="src/addons/Bullet/Fluids/VRFluids.h" />
		<Unit filename="src/addons/Bullet/Fluids/VRMetaBalls.cpp" />
		<Unit filename="src/addons/Bullet/Fluids/VRMetaBalls.h" />
		<Unit filename="src/addons/Bullet/Fluids/VRPyFluids.cpp" />
		<Unit filename="src/addons/Bullet/Fluids/VRPyFluids.h" />
		<Unit filename="src/addons/Bullet/Particles/VREmitter.cpp" />
		<Unit filename="src/addons/Bullet/Particles/VREmitter.h" />
		<Unit filename="src/addons/Bullet/Particles/VRParticle.h" />
		<Unit filename="src/addons/Bullet/Particles/VRParticles.cpp" />
		<Unit filename="src/addons/Bullet/Particles/VRParticles.h" />
		<Unit filename="src/addons/Bullet/Particles/VRParticlesT.h" />
		<Unit filename="src/addons/Bullet/Particles/VRPyParticles.cpp" />
		<Unit filename="src/addons/Bullet/Particles/VRPyParticles.h" />
		<Unit filename="src/addons/Bullet/VRPhysicsFwd.h" />
		<Unit filename="src/addons/CEF/CEF.cpp" />
		<Unit filename="src/addons/CEF/CEF.h" />
		<Unit filename="src/addons/CEF/CEFWindowsKey.h" />
		<Unit filename="src/addons/CEF/VRPyCEF.cpp" />
		<Unit filename="src/addons/CEF/VRPyCEF.h" />
		<Unit filename="src/addons/CEF/VRPyWebCam.cpp" />
		<Unit filename="src/addons/CEF/VRPyWebCam.h" />
		<Unit filename="src/addons/CEF/VRWebCam.cpp" />
		<Unit filename="src/addons/CEF/VRWebCam.h" />
		<Unit filename="src/addons/CaveKeeper/CKOctree.cpp" />
		<Unit filename="src/addons/CaveKeeper/CKOctree.h" />
		<Unit filename="src/addons/CaveKeeper/CaveKeeper.cpp" />
		<Unit filename="src/addons/CaveKeeper/CaveKeeper.h" />
		<Unit filename="src/addons/CaveKeeper/VRPyCaveKeeper.cpp" />
		<Unit filename="src/addons/CaveKeeper/VRPyCaveKeeper.h" />
		<Unit filename="src/addons/Character/VRBehavior.cpp" />
		<Unit filename="src/addons/Character/VRBehavior.h" />
		<Unit filename="src/addons/Character/VRCharacter.cpp" />
		<Unit filename="src/addons/Character/VRCharacter.h" />
		<Unit filename="src/addons/Character/VRCharacterFwd.h" />
		<Unit filename="src/addons/Character/VRPyCharacter.cpp" />
		<Unit filename="src/addons/Character/VRPyCharacter.h" />
		<Unit filename="src/addons/Character/VRSkeleton.cpp" />
		<Unit filename="src/addons/Character/VRSkeleton.h" />
		<Unit filename="src/addons/Engineering/CSG/CGALTypedefs.h" />
		<Unit filename="src/addons/Engineering/CSG/CSGGeometry.cpp" />
		<Unit filename="src/addons/Engineering/CSG/CSGGeometry.h" />
		<Unit filename="src/addons/Engineering/CSG/CSGGeometryAlgorithms.cpp" />
		<Unit filename="src/addons/Engineering/CSG/CSGGeometryBis.cpp" />
		<Unit filename="src/addons/Engineering/CSG/PolyhedronBuilder.h" />
		<Unit filename="src/addons/Engineering/CSG/VRPyCSG.cpp" />
		<Unit filename="src/addons/Engineering/CSG/VRPyCSG.h" />
		<Unit filename="src/addons/Engineering/Chemistry/VRAtom.cpp" />
		<Unit filename="src/addons/Engineering/Chemistry/VRAtom.h" />
		<Unit filename="src/addons/Engineering/Chemistry/VRCrystal.cpp" />
		<Unit filename="src/addons/Engineering/Chemistry/VRCrystal.h" />
		<Unit filename="src/addons/Engineering/Chemistry/VRMolecule.cpp" />
		<Unit filename="src/addons/Engineering/Chemistry/VRMolecule.h" />
		<Unit filename="src/addons/Engineering/Chemistry/VRMoleculeMat.cpp" />
		<Unit filename="src/addons/Engineering/Chemistry/VRMoleculeMat.h" />
		<Unit filename="src/addons/Engineering/Chemistry/VRPyMolecule.cpp" />
		<Unit filename="src/addons/Engineering/Chemistry/VRPyMolecule.h" />
		<Unit filename="src/addons/Engineering/Factory/VRAMLLoader.cpp" />
		<Unit filename="src/addons/Engineering/Factory/VRAMLLoader.h" />
		<Unit filename="src/addons/Engineering/Factory/VRFactory.cpp" />
		<Unit filename="src/addons/Engineering/Factory/VRFactory.h" />
		<Unit filename="src/addons/Engineering/Factory/VRLogistics.cpp" />
		<Unit filename="src/addons/Engineering/Factory/VRLogistics.h" />
		<Unit filename="src/addons/Engineering/Factory/VRProduction.cpp" />
		<Unit filename="src/addons/Engineering/Factory/VRProduction.h" />
		<Unit filename="src/addons/Engineering/Factory/VRPyAMLLoader.cpp" />
		<Unit filename="src/addons/Engineering/Factory/VRPyAMLLoader.h" />
		<Unit filename="src/addons/Engineering/Factory/VRPyFactory.cpp" />
		<Unit filename="src/addons/Engineering/Factory/VRPyFactory.h" />
		<Unit filename="src/addons/Engineering/Factory/VRPyLogistics.cpp" />
		<Unit filename="src/addons/Engineering/Factory/VRPyLogistics.h" />
		<Unit filename="src/addons/Engineering/Factory/VRPyProduction.cpp" />
		<Unit filename="src/addons/Engineering/Factory/VRPyProduction.h" />
		<Unit filename="src/addons/Engineering/Machining/VRCartesianKinematics.cpp" />
		<Unit filename="src/addons/Engineering/Machining/VRCartesianKinematics.h" />
		<Unit filename="src/addons/Engineering/Machining/VRMachiningCode.cpp" />
		<Unit filename="src/addons/Engineering/Machining/VRMachiningCode.h" />
		<Unit filename="src/addons/Engineering/Machining/VRMachiningKinematics.cpp" />
		<Unit filename="src/addons/Engineering/Machining/VRMachiningKinematics.h" />
		<Unit filename="src/addons/Engineering/Machining/VRMachiningSimulation.cpp" />
		<Unit filename="src/addons/Engineering/Machining/VRMachiningSimulation.h" />
		<Unit filename="src/addons/Engineering/Machining/VRPyMachining.cpp" />
		<Unit filename="src/addons/Engineering/Machining/VRPyMachining.h" />
		<Unit filename="src/addons/Engineering/Mechanics/VRAxleSegmentation.cpp" />
		<Unit filename="src/addons/Engineering/Mechanics/VRAxleSegmentation.h" />
		<Unit filename="src/addons/Engineering/Mechanics/VRGearSegmentation.cpp" />
		<Unit filename="src/addons/Engineering/Mechanics/VRGearSegmentation.h" />
		<Unit filename="src/addons/Engineering/Mechanics/VRMechanism.cpp" />
		<Unit filename="src/addons/Engineering/Mechanics/VRMechanism.h" />
		<Unit filename="src/addons/Engineering/Mechanics/VRMechanismFwd.h" />
		<Unit filename="src/addons/Engineering/Mechanics/VRPyMechanism.cpp" />
		<Unit filename="src/addons/Engineering/Mechanics/VRPyMechanism.h" />
		<Unit filename="src/addons/Engineering/Milling/VRMillingCuttingToolProfile.cpp" />
		<Unit filename="src/addons/Engineering/Milling/VRMillingCuttingToolProfile.h" />
		<Unit filename="src/addons/Engineering/Milling/VRMillingMachine.cpp" />
		<Unit filename="src/addons/Engineering/Milling/VRMillingMachine.h" />
		<Unit filename="src/addons/Engineering/Milling/VRMillingWorkPiece.cpp" />
		<Unit filename="src/addons/Engineering/Milling/VRMillingWorkPiece.h" />
		<Unit filename="src/addons/Engineering/Milling/VRPyMillingCuttingToolProfile.cpp" />
		<Unit filename="src/addons/Engineering/Milling/VRPyMillingCuttingToolProfile.h" />
		<Unit filename="src/addons/Engineering/Milling/VRPyMillingMachine.cpp" />
		<Unit filename="src/addons/Engineering/Milling/VRPyMillingMachine.h" />
		<Unit filename="src/addons/Engineering/Milling/VRPyMillingWorkPiece.cpp" />
		<Unit filename="src/addons/Engineering/Milling/VRPyMillingWorkPiece.h" />
		<Unit filename="src/addons/Engineering/VREngineeringFwd.h" />
		<Unit filename="src/addons/Engineering/VRNumberingEngine.cpp" />
		<Unit filename="src/addons/Engineering/VRNumberingEngine.h" />
		<Unit filename="src/addons/Engineering/VRPipeSystem.cpp" />
		<Unit filename="src/addons/Engineering/VRPipeSystem.h" />
		<Unit filename="src/addons/Engineering/VRProfile.cpp" />
		<Unit filename="src/addons/Engineering/VRProfile.h" />
		<Unit filename="src/addons/Engineering/VRPyEngineering.cpp" />
		<Unit filename="src/addons/Engineering/VRPyEngineering.h" />
		<Unit filename="src/addons/Engineering/VRPyNumberingEngine.h" />
		<Unit filename="src/addons/Engineering/VRPyRobotArm.h" />
		<Unit filename="src/addons/Engineering/VRRobotArm.cpp" />
		<Unit filename="src/addons/Engineering/VRRobotArm.h" />
		<Unit filename="src/addons/LeapMotion/VRHandGeo.cpp" />
		<Unit filename="src/addons/LeapMotion/VRHandGeo.h" />
		<Unit filename="src/addons/LeapMotion/VRLeap.cpp" />
		<Unit filename="src/addons/LeapMotion/VRLeap.h" />
		<Unit filename="src/addons/LeapMotion/VRLeapFrame.cpp" />
		<Unit filename="src/addons/LeapMotion/VRLeapFrame.h" />
		<Unit filename="src/addons/LeapMotion/VRPyHandGeo.cpp" />
		<Unit filename="src/addons/LeapMotion/VRPyHandGeo.h" />
		<Unit filename="src/addons/LeapMotion/VRPyLeap.cpp" />
		<Unit filename="src/addons/LeapMotion/VRPyLeap.h" />
		<Unit filename="src/addons/Sandbox.h" />
		<Unit filename="src/addons/Semantics/Processes/VRProcess.cpp" />
		<Unit filename="src/addons/Semantics/Processes/VRProcess.h" />
		<Unit filename="src/addons/Semantics/Processes/VRProcessEngine.cpp" />
		<Unit filename="src/addons/Semantics/Processes/VRProcessEngine.h" />
		<Unit filename="src/addons/Semantics/Processes/VRProcessLayout.cpp" />
		<Unit filename="src/addons/Semantics/Processes/VRProcessLayout.h" />
		<Unit filename="src/addons/Semantics/Processes/VRPyProcess.cpp" />
		<Unit filename="src/addons/Semantics/Processes/VRPyProcess.h" />
		<Unit filename="src/addons/Semantics/Reasoning/VRConcept.cpp" />
		<Unit filename="src/addons/Semantics/Reasoning/VRConcept.h" />
		<Unit filename="src/addons/Semantics/Reasoning/VREntity.cpp" />
		<Unit filename="src/addons/Semantics/Reasoning/VREntity.h" />
		<Unit filename="src/addons/Semantics/Reasoning/VROWLExport.cpp" />
		<Unit filename="src/addons/Semantics/Reasoning/VROWLExport.h" />
		<Unit filename="src/addons/Semantics/Reasoning/VROWLImport.cpp" />
		<Unit filename="src/addons/Semantics/Reasoning/VROWLImport.h" />
		<Unit filename="src/addons/Semantics/Reasoning/VROntology.cpp" />
		<Unit filename="src/addons/Semantics/Reasoning/VROntology.h" />
		<Unit filename="src/addons/Semantics/Reasoning/VROntologyLibrary.cpp" />
		<Unit filename="src/addons/Semantics/Reasoning/VROntologyRule.cpp" />
		<Unit filename="src/addons/Semantics/Reasoning/VROntologyRule.h" />
		<Unit filename="src/addons/Semantics/Reasoning/VROntologyT.h" />
		<Unit filename="src/addons/Semantics/Reasoning/VROntologyUtils.cpp" />
		<Unit filename="src/addons/Semantics/Reasoning/VROntologyUtils.h" />
		<Unit filename="src/addons/Semantics/Reasoning/VRProperty.cpp" />
		<Unit filename="src/addons/Semantics/Reasoning/VRProperty.h" />
		<Unit filename="src/addons/Semantics/Reasoning/VRPyOntology.cpp" />
		<Unit filename="src/addons/Semantics/Reasoning/VRPyOntology.h" />
		<Unit filename="src/addons/Semantics/Reasoning/VRReasoner.cpp" />
		<Unit filename="src/addons/Semantics/Reasoning/VRReasoner.h" />
		<Unit filename="src/addons/Semantics/Reasoning/VRSemanticUtils.cpp" />
		<Unit filename="src/addons/Semantics/Reasoning/VRSemanticUtils.h" />
		<Unit filename="src/addons/Semantics/Reasoning/VRStatement.cpp" />
		<Unit filename="src/addons/Semantics/Reasoning/VRStatement.h" />
		<Unit filename="src/addons/Semantics/Segmentation/VRAdjacencyGraph.cpp" />
		<Unit filename="src/addons/Semantics/Segmentation/VRAdjacencyGraph.h" />
		<Unit filename="src/addons/Semantics/Segmentation/VRPyAdjacencyGraph.cpp" />
		<Unit filename="src/addons/Semantics/Segmentation/VRPyAdjacencyGraph.h" />
		<Unit filename="src/addons/Semantics/Segmentation/VRPySegmentation.cpp" />
		<Unit filename="src/addons/Semantics/Segmentation/VRPySegmentation.h" />
		<Unit filename="src/addons/Semantics/Segmentation/VRSegmentation.cpp" />
		<Unit filename="src/addons/Semantics/Segmentation/VRSegmentation.h" />
		<Unit filename="src/addons/Semantics/VRSemanticsFwd.h" />
		<Unit filename="src/addons/SimViDekont/GeoIO.h" />
		<Unit filename="src/addons/SimViDekont/Player.h" />
		<Unit filename="src/addons/SimViDekont/SimViDekont.cpp" />
		<Unit filename="src/addons/SimViDekont/SimViDekont.h" />
		<Unit filename="src/addons/SimViDekont/VRPySimViDekont.cpp" />
		<Unit filename="src/addons/SimViDekont/VRPySimViDekont.h" />
		<Unit filename="src/addons/SimViDekont/VRabq.h" />
		<Unit filename="src/addons/SimViDekont/struct.h" />
		<Unit filename="src/addons/VRFurnitureManager.h" />
		<Unit filename="src/addons/WorldGenerator/GIS/GISFwd.h" />
		<Unit filename="src/addons/WorldGenerator/GIS/GISWorld.cpp" />
		<Unit filename="src/addons/WorldGenerator/GIS/GISWorld.h" />
		<Unit filename="src/addons/WorldGenerator/GIS/OSMMap.cpp" />
		<Unit filename="src/addons/WorldGenerator/GIS/OSMMap.h" />
		<Unit filename="src/addons/WorldGenerator/GIS/VRMapManager.cpp" />
		<Unit filename="src/addons/WorldGenerator/GIS/VRMapManager.h" />
		<Unit filename="src/addons/WorldGenerator/VRPyWorldGenerator.cpp" />
		<Unit filename="src/addons/WorldGenerator/VRPyWorldGenerator.h" />
		<Unit filename="src/addons/WorldGenerator/VRWorldGenerator.cpp" />
		<Unit filename="src/addons/WorldGenerator/VRWorldGenerator.h" />
		<Unit filename="src/addons/WorldGenerator/VRWorldGeneratorFwd.h" />
		<Unit filename="src/addons/WorldGenerator/VRWorldModule.cpp" />
		<Unit filename="src/addons/WorldGenerator/VRWorldModule.h" />
		<Unit filename="src/addons/WorldGenerator/assets/Asset.cpp" />
		<Unit filename="src/addons/WorldGenerator/assets/Asset.h" />
		<Unit filename="src/addons/WorldGenerator/assets/StreetLamp.cpp" />
		<Unit filename="src/addons/WorldGenerator/assets/StreetLamp.h" />
		<Unit filename="src/addons/WorldGenerator/buildings/VRBuilding.cpp" />
		<Unit filename="src/addons/WorldGenerator/buildings/VRBuilding.h" />
		<Unit filename="src/addons/WorldGenerator/buildings/VRDistrict.cpp" />
		<Unit filename="src/addons/WorldGenerator/buildings/VRDistrict.h" />
		<Unit filename="src/addons/WorldGenerator/nature/VRGrassPatch.cpp" />
		<Unit filename="src/addons/WorldGenerator/nature/VRGrassPatch.h" />
		<Unit filename="src/addons/WorldGenerator/nature/VRNature.cpp" />
		<Unit filename="src/addons/WorldGenerator/nature/VRNature.h" />
		<Unit filename="src/addons/WorldGenerator/nature/VRPlantMaterial.cpp" />
		<Unit filename="src/addons/WorldGenerator/nature/VRPlantMaterial.h" />
		<Unit filename="src/addons/WorldGenerator/nature/VRPyNature.cpp" />
		<Unit filename="src/addons/WorldGenerator/nature/VRPyNature.h" />
		<Unit filename="src/addons/WorldGenerator/nature/VRTree.cpp" />
		<Unit filename="src/addons/WorldGenerator/nature/VRTree.h" />
		<Unit filename="src/addons/WorldGenerator/roads/VRAsphalt.cpp" />
		<Unit filename="src/addons/WorldGenerator/roads/VRAsphalt.h" />
		<Unit filename="src/addons/WorldGenerator/roads/VRBridge.cpp" />
		<Unit filename="src/addons/WorldGenerator/roads/VRBridge.h" />
		<Unit filename="src/addons/WorldGenerator/roads/VRRoad.cpp" />
		<Unit filename="src/addons/WorldGenerator/roads/VRRoad.h" />
		<Unit filename="src/addons/WorldGenerator/roads/VRRoadBase.cpp" />
		<Unit filename="src/addons/WorldGenerator/roads/VRRoadBase.h" />
		<Unit filename="src/addons/WorldGenerator/roads/VRRoadIntersection.cpp" />
		<Unit filename="src/addons/WorldGenerator/roads/VRRoadIntersection.h" />
		<Unit filename="src/addons/WorldGenerator/roads/VRRoadNetwork.cpp" />
		<Unit filename="src/addons/WorldGenerator/roads/VRRoadNetwork.h" />
		<Unit filename="src/addons/WorldGenerator/roads/VRTrafficSigns.cpp" />
		<Unit filename="src/addons/WorldGenerator/roads/VRTrafficSigns.h" />
		<Unit filename="src/addons/WorldGenerator/roads/VRTunnel.cpp" />
		<Unit filename="src/addons/WorldGenerator/roads/VRTunnel.h" />
		<Unit filename="src/addons/WorldGenerator/terrain/VROrbit.cpp" />
		<Unit filename="src/addons/WorldGenerator/terrain/VROrbit.h" />
		<Unit filename="src/addons/WorldGenerator/terrain/VRPlanet.cpp" />
		<Unit filename="src/addons/WorldGenerator/terrain/VRPlanet.h" />
		<Unit filename="src/addons/WorldGenerator/terrain/VRPyTerrain.cpp" />
		<Unit filename="src/addons/WorldGenerator/terrain/VRPyTerrain.h" />
		<Unit filename="src/addons/WorldGenerator/terrain/VRTerrain.cpp" />
		<Unit filename="src/addons/WorldGenerator/terrain/VRTerrain.h" />
		<Unit filename="src/addons/WorldGenerator/terrain/VRTerrainPhysicsShape.cpp" />
		<Unit filename="src/addons/WorldGenerator/terrain/VRTerrainPhysicsShape.h" />
		<Unit filename="src/addons/WorldGenerator/traffic/VRPyTrafficSimulation.cpp" />
		<Unit filename="src/addons/WorldGenerator/traffic/VRPyTrafficSimulation.h" />
		<Unit filename="src/addons/WorldGenerator/traffic/VRTrafficLights.cpp" />
		<Unit filename="src/addons/WorldGenerator/traffic/VRTrafficLights.h" />
		<Unit filename="src/addons/WorldGenerator/traffic/VRTrafficSimulation.cpp" />
		<Unit filename="src/addons/WorldGenerator/traffic/VRTrafficSimulation.h" />
		<Unit filename="src/addons/WorldGenerator/weather/VRPyWeather.cpp" />
		<Unit filename="src/addons/WorldGenerator/weather/VRPyWeather.h" />
		<Unit filename="src/addons/WorldGenerator/weather/VRRain.cpp" />
		<Unit filename="src/addons/WorldGenerator/weather/VRRain.h" />
		<Unit filename="src/addons/WorldGenerator/weather/VRRainCarWindshield.cpp" />
		<Unit filename="src/addons/WorldGenerator/weather/VRRainCarWindshield.h" />
		<Unit filename="src/addons/construction/building/VRElectricDevice.cpp" />
		<Unit filename="src/addons/construction/building/VRElectricDevice.h" />
		<Unit filename="src/addons/construction/building/VROpening.cpp" />
		<Unit filename="src/addons/construction/building/VROpening.h" />
		<Unit filename="src/addons/construction/building/furniture/VRBlinds.cpp" />
		<Unit filename="src/addons/construction/building/furniture/VRBlinds.h" />
		<Unit filename="src/core/gui/VRDemos.cpp" />
		<Unit filename="src/core/gui/VRDemos.h" />
		<Unit filename="src/core/gui/VRGuiBits.cpp" />
		<Unit filename="src/core/gui/VRGuiBits.h" />
		<Unit filename="src/core/gui/VRGuiBuilder.cpp" />
		<Unit filename="src/core/gui/VRGuiBuilder.h" />
		<Unit filename="src/core/gui/VRGuiCodeCompletion.cpp" />
		<Unit filename="src/core/gui/VRGuiCodeCompletion.h" />
		<Unit filename="src/core/gui/VRGuiConsole.cpp" />
		<Unit filename="src/core/gui/VRGuiConsole.h" />
		<Unit filename="src/core/gui/VRGuiContextMenu.cpp" />
		<Unit filename="src/core/gui/VRGuiContextMenu.h" />
		<Unit filename="src/core/gui/VRGuiEditor.cpp" />
		<Unit filename="src/core/gui/VRGuiEditor.h" />
		<Unit filename="src/core/gui/VRGuiFile.cpp" />
		<Unit filename="src/core/gui/VRGuiFile.h" />
		<Unit filename="src/core/gui/VRGuiFwd.h" />
		<Unit filename="src/core/gui/VRGuiGeneral.cpp" />
		<Unit filename="src/core/gui/VRGuiGeneral.h" />
		<Unit filename="src/core/gui/VRGuiManager.cpp" />
		<Unit filename="src/core/gui/VRGuiManager.h" />
		<Unit filename="src/core/gui/VRGuiMonitor.cpp" />
		<Unit filename="src/core/gui/VRGuiMonitor.h" />
		<Unit filename="src/core/gui/VRGuiNav.cpp" />
		<Unit filename="src/core/gui/VRGuiNav.h" />
		<Unit filename="src/core/gui/VRGuiRecWidget.cpp" />
		<Unit filename="src/core/gui/VRGuiRecWidget.h" />
		<Unit filename="src/core/gui/VRGuiScene.cpp" />
		<Unit filename="src/core/gui/VRGuiScene.h" />
		<Unit filename="src/core/gui/VRGuiScripts.cpp" />
		<Unit filename="src/core/gui/VRGuiScripts.h" />
		<Unit filename="src/core/gui/VRGuiSemantics.cpp" />
		<Unit filename="src/core/gui/VRGuiSemantics.h" />
		<Unit filename="src/core/gui/VRGuiSetup.cpp" />
		<Unit filename="src/core/gui/VRGuiSetup.h" />
		<Unit filename="src/core/gui/VRGuiSignals.cpp" />
		<Unit filename="src/core/gui/VRGuiSignals.h" />
		<Unit filename="src/core/gui/VRGuiTreeExplorer.cpp" />
		<Unit filename="src/core/gui/VRGuiTreeExplorer.h" />
		<Unit filename="src/core/gui/VRGuiUtils.cpp" />
		<Unit filename="src/core/gui/VRGuiUtils.h" />
		<Unit filename="src/core/gui/VRGuiVectorEntry.cpp" />
		<Unit filename="src/core/gui/VRGuiVectorEntry.h" />
		<Unit filename="src/core/gui/elements/VRGuiButton.h" />
		<Unit filename="src/core/gui/glarea/glarea.c">
			<Option compilerVar="CC" />
		</Unit>
		<Unit filename="src/core/gui/glarea/glarea.h" />
		<Unit filename="src/core/gui/glarea/glgdk.c">
			<Option compilerVar="CC" />
		</Unit>
		<Unit filename="src/core/gui/glarea/glgdk.h" />
		<Unit filename="src/core/gui/gtkglext/gdk/gdkgl.h" />
		<Unit filename="src/core/gui/gtkglext/gdk/gdkglconfig.h" />
		<Unit filename="src/core/gui/gtkglext/gdk/gdkglconfigimpl.h" />
		<Unit filename="src/core/gui/gtkglext/gdk/gdkglcontext.h" />
		<Unit filename="src/core/gui/gtkglext/gdk/gdkglcontextimpl.h" />
		<Unit filename="src/core/gui/gtkglext/gdk/gdkgldebug.h" />
		<Unit filename="src/core/gui/gtkglext/gdk/gdkgldefs.h" />
		<Unit filename="src/core/gui/gtkglext/gdk/gdkgldrawable.h" />
		<Unit filename="src/core/gui/gtkglext/gdk/gdkglextcontext.h" />
		<Unit filename="src/core/gui/gtkglext/gdk/gdkglextcontextimpl.h" />
		<Unit filename="src/core/gui/gtkglext/gdk/gdkglinit.h" />
		<Unit filename="src/core/gui/gtkglext/gdk/gdkglprivate.h" />
		<Unit filename="src/core/gui/gtkglext/gdk/gdkglquery.h" />
		<Unit filename="src/core/gui/gtkglext/gdk/gdkgltokens.h" />
		<Unit filename="src/core/gui/gtkglext/gdk/gdkgltypes.h" />
		<Unit filename="src/core/gui/gtkglext/gdk/gdkglwindow.h" />
		<Unit filename="src/core/gui/gtkglext/gdk/gdkglwindowimpl.h" />
		<Unit filename="src/core/gui/gtkglext/gdk/win32/gdkglconfig-win32.h" />
		<Unit filename="src/core/gui/gtkglext/gdk/win32/gdkglcontext-win32.h" />
		<Unit filename="src/core/gui/gtkglext/gdk/win32/gdkglprivate-win32.h" />
		<Unit filename="src/core/gui/gtkglext/gdk/win32/gdkglquery-win32.h" />
		<Unit filename="src/core/gui/gtkglext/gdk/win32/gdkglwin32.h" />
		<Unit filename="src/core/gui/gtkglext/gdk/win32/gdkglwindow-win32.h" />
		<Unit filename="src/core/gui/gtkglext/gdk/win32/gdkwin32glconfig.h" />
		<Unit filename="src/core/gui/gtkglext/gdk/win32/gdkwin32glcontext.h" />
		<Unit filename="src/core/gui/gtkglext/gdk/win32/gdkwin32glquery.h" />
		<Unit filename="src/core/gui/gtkglext/gdk/win32/gdkwin32glwindow.h" />
		<Unit filename="src/core/gui/gtkglext/gdk/x11/gdkglconfig-x11.h" />
		<Unit filename="src/core/gui/gtkglext/gdk/x11/gdkglcontext-x11.h" />
		<Unit filename="src/core/gui/gtkglext/gdk/x11/gdkglextcontext-x11.h" />
		<Unit filename="src/core/gui/gtkglext/gdk/x11/gdkglprivate-x11.h" />
		<Unit filename="src/core/gui/gtkglext/gdk/x11/gdkglquery-x11.h" />
		<Unit filename="src/core/gui/gtkglext/gdk/x11/gdkglwindow-x11.h" />
		<Unit filename="src/core/gui/gtkglext/gdk/x11/gdkglx.h" />
		<Unit filename="src/core/gui/gtkglext/gdk/x11/gdkx11glconfig.h" />
		<Unit filename="src/core/gui/gtkglext/gdk/x11/gdkx11glcontext.h" />
		<Unit filename="src/core/gui/gtkglext/gdk/x11/gdkx11glextcontext.h" />
		<Unit filename="src/core/gui/gtkglext/gdk/x11/gdkx11glquery.h" />
		<Unit filename="src/core/gui/gtkglext/gdk/x11/gdkx11glwindow.h" />
		<Unit filename="src/core/gui/gtkglext/gtk/gtkgl.h" />
		<Unit filename="src/core/gui/gtkglext/gtk/gtkgldebug.h" />
		<Unit filename="src/core/gui/gtkglext/gtk/gtkgldefs.h" />
		<Unit filename="src/core/gui/gtkglext/gtk/gtkglinit.h" />
		<Unit filename="src/core/gui/gtkglext/gtk/gtkglprivate.h" />
		<Unit filename="src/core/gui/gtkglext/gtk/gtkglwidget.h" />
		<Unit filename="src/core/gui/gtksourceview/GtkSource.metadata.in" />
		<Unit filename="src/core/gui/gtksourceview/completion-providers/words/gtksourcecompletionwords.c">
			<Option compilerVar="CC" />
		</Unit>
		<Unit filename="src/core/gui/gtksourceview/completion-providers/words/gtksourcecompletionwords.h" />
		<Unit filename="src/core/gui/gtksourceview/completion-providers/words/gtksourcecompletionwordsbuffer.c">
			<Option compilerVar="CC" />
		</Unit>
		<Unit filename="src/core/gui/gtksourceview/completion-providers/words/gtksourcecompletionwordsbuffer.h" />
		<Unit filename="src/core/gui/gtksourceview/completion-providers/words/gtksourcecompletionwordslibrary.c">
			<Option compilerVar="CC" />
		</Unit>
		<Unit filename="src/core/gui/gtksourceview/completion-providers/words/gtksourcecompletionwordslibrary.h" />
		<Unit filename="src/core/gui/gtksourceview/completion-providers/words/gtksourcecompletionwordsproposal.c">
			<Option compilerVar="CC" />
		</Unit>
		<Unit filename="src/core/gui/gtksourceview/completion-providers/words/gtksourcecompletionwordsproposal.h" />
		<Unit filename="src/core/gui/gtksourceview/completion-providers/words/gtksourcecompletionwordsutils.c">
			<Option compilerVar="CC" />
		</Unit>
		<Unit filename="src/core/gui/gtksourceview/completion-providers/words/gtksourcecompletionwordsutils.h" />
		<Unit filename="src/core/gui/gtksourceview/config.h" />
		<Unit filename="src/core/gui/gtksourceview/gconstructor.h" />
		<Unit filename="src/core/gui/gtksourceview/gtksource-enumtypes.h" />
		<Unit filename="src/core/gui/gtksourceview/gtksource-marshal.h" />
		<Unit filename="src/core/gui/gtksourceview/gtksource.h" />
		<Unit filename="src/core/gui/gtksourceview/gtksourceautocleanups.h" />
		<Unit filename="src/core/gui/gtksourceview/gtksourcebuffer-private.h" />
		<Unit filename="src/core/gui/gtksourceview/gtksourcebuffer.c">
			<Option compilerVar="CC" />
		</Unit>
		<Unit filename="src/core/gui/gtksourceview/gtksourcebuffer.h" />
		<Unit filename="src/core/gui/gtksourceview/gtksourcebufferinputstream.c">
			<Option compilerVar="CC" />
		</Unit>
		<Unit filename="src/core/gui/gtksourceview/gtksourcebufferinputstream.h" />
		<Unit filename="src/core/gui/gtksourceview/gtksourcebufferinternal.c">
			<Option compilerVar="CC" />
		</Unit>
		<Unit filename="src/core/gui/gtksourceview/gtksourcebufferinternal.h" />
		<Unit filename="src/core/gui/gtksourceview/gtksourcebufferoutputstream.c">
			<Option compilerVar="CC" />
		</Unit>
		<Unit filename="src/core/gui/gtksourceview/gtksourcebufferoutputstream.h" />
		<Unit filename="src/core/gui/gtksourceview/gtksourcecompletion-private.h" />
		<Unit filename="src/core/gui/gtksourceview/gtksourcecompletion.c">
			<Option compilerVar="CC" />
		</Unit>
		<Unit filename="src/core/gui/gtksourceview/gtksourcecompletion.h" />
		<Unit filename="src/core/gui/gtksourceview/gtksourcecompletion.ui" />
		<Unit filename="src/core/gui/gtksourceview/gtksourcecompletioncontainer.c">
			<Option compilerVar="CC" />
		</Unit>
		<Unit filename="src/core/gui/gtksourceview/gtksourcecompletioncontainer.h" />
		<Unit filename="src/core/gui/gtksourceview/gtksourcecompletioncontext.c">
			<Option compilerVar="CC" />
		</Unit>
		<Unit filename="src/core/gui/gtksourceview/gtksourcecompletioncontext.h" />
		<Unit filename="src/core/gui/gtksourceview/gtksourcecompletioninfo.c">
			<Option compilerVar="CC" />
		</Unit>
		<Unit filename="src/core/gui/gtksourceview/gtksourcecompletioninfo.h" />
		<Unit filename="src/core/gui/gtksourceview/gtksourcecompletionitem.c">
			<Option compilerVar="CC" />
		</Unit>
		<Unit filename="src/core/gui/gtksourceview/gtksourcecompletionitem.h" />
		<Unit filename="src/core/gui/gtksourceview/gtksourcecompletionmodel.c">
			<Option compilerVar="CC" />
		</Unit>
		<Unit filename="src/core/gui/gtksourceview/gtksourcecompletionmodel.h" />
		<Unit filename="src/core/gui/gtksourceview/gtksourcecompletionproposal.c">
			<Option compilerVar="CC" />
		</Unit>
		<Unit filename="src/core/gui/gtksourceview/gtksourcecompletionproposal.h" />
		<Unit filename="src/core/gui/gtksourceview/gtksourcecompletionprovider.c">
			<Option compilerVar="CC" />
		</Unit>
		<Unit filename="src/core/gui/gtksourceview/gtksourcecompletionprovider.h" />
		<Unit filename="src/core/gui/gtksourceview/gtksourcecompletionutils.h" />
		<Unit filename="src/core/gui/gtksourceview/gtksourcecontextengine.c">
			<Option compilerVar="CC" />
		</Unit>
		<Unit filename="src/core/gui/gtksourceview/gtksourcecontextengine.h" />
		<Unit filename="src/core/gui/gtksourceview/gtksourceencoding-private.h" />
		<Unit filename="src/core/gui/gtksourceview/gtksourceencoding.c">
			<Option compilerVar="CC" />
		</Unit>
		<Unit filename="src/core/gui/gtksourceview/gtksourceencoding.h" />
		<Unit filename="src/core/gui/gtksourceview/gtksourceengine.c">
			<Option compilerVar="CC" />
		</Unit>
		<Unit filename="src/core/gui/gtksourceview/gtksourceengine.h" />
		<Unit filename="src/core/gui/gtksourceview/gtksourcefile.c">
			<Option compilerVar="CC" />
		</Unit>
		<Unit filename="src/core/gui/gtksourceview/gtksourcefile.h" />
		<Unit filename="src/core/gui/gtksourceview/gtksourcefileloader.c">
			<Option compilerVar="CC" />
		</Unit>
		<Unit filename="src/core/gui/gtksourceview/gtksourcefileloader.h" />
		<Unit filename="src/core/gui/gtksourceview/gtksourcefilesaver.c">
			<Option compilerVar="CC" />
		</Unit>
		<Unit filename="src/core/gui/gtksourceview/gtksourcefilesaver.h" />
		<Unit filename="src/core/gui/gtksourceview/gtksourcegutter-private.h" />
		<Unit filename="src/core/gui/gtksourceview/gtksourcegutter.c">
			<Option compilerVar="CC" />
		</Unit>
		<Unit filename="src/core/gui/gtksourceview/gtksourcegutter.h" />
		<Unit filename="src/core/gui/gtksourceview/gtksourcegutterrenderer-private.h" />
		<Unit filename="src/core/gui/gtksourceview/gtksourcegutterrenderer.c">
			<Option compilerVar="CC" />
		</Unit>
		<Unit filename="src/core/gui/gtksourceview/gtksourcegutterrenderer.h" />
		<Unit filename="src/core/gui/gtksourceview/gtksourcegutterrendererlines.c">
			<Option compilerVar="CC" />
		</Unit>
		<Unit filename="src/core/gui/gtksourceview/gtksourcegutterrendererlines.h" />
		<Unit filename="src/core/gui/gtksourceview/gtksourcegutterrenderermarks.c">
			<Option compilerVar="CC" />
		</Unit>
		<Unit filename="src/core/gui/gtksourceview/gtksourcegutterrenderermarks.h" />
		<Unit filename="src/core/gui/gtksourceview/gtksourcegutterrendererpixbuf.c">
			<Option compilerVar="CC" />
		</Unit>
		<Unit filename="src/core/gui/gtksourceview/gtksourcegutterrendererpixbuf.h" />
		<Unit filename="src/core/gui/gtksourceview/gtksourcegutterrenderertext.c">
			<Option compilerVar="CC" />
		</Unit>
		<Unit filename="src/core/gui/gtksourceview/gtksourcegutterrenderertext.h" />
		<Unit filename="src/core/gui/gtksourceview/gtksourceinit.h" />
		<Unit filename="src/core/gui/gtksourceview/gtksourceiter.c">
			<Option compilerVar="CC" />
		</Unit>
		<Unit filename="src/core/gui/gtksourceview/gtksourceiter.h" />
		<Unit filename="src/core/gui/gtksourceview/gtksourcelanguage-parser-1.c">
			<Option compilerVar="CC" />
		</Unit>
		<Unit filename="src/core/gui/gtksourceview/gtksourcelanguage-parser-2.c">
			<Option compilerVar="CC" />
		</Unit>
		<Unit filename="src/core/gui/gtksourceview/gtksourcelanguage-private.h" />
		<Unit filename="src/core/gui/gtksourceview/gtksourcelanguage.c">
			<Option compilerVar="CC" />
		</Unit>
		<Unit filename="src/core/gui/gtksourceview/gtksourcelanguage.h" />
		<Unit filename="src/core/gui/gtksourceview/gtksourcelanguagemanager.c">
			<Option compilerVar="CC" />
		</Unit>
		<Unit filename="src/core/gui/gtksourceview/gtksourcelanguagemanager.h" />
		<Unit filename="src/core/gui/gtksourceview/gtksourcemap.c">
			<Option compilerVar="CC" />
		</Unit>
		<Unit filename="src/core/gui/gtksourceview/gtksourcemap.h" />
		<Unit filename="src/core/gui/gtksourceview/gtksourcemark.c">
			<Option compilerVar="CC" />
		</Unit>
		<Unit filename="src/core/gui/gtksourceview/gtksourcemark.h" />
		<Unit filename="src/core/gui/gtksourceview/gtksourcemarkattributes.c">
			<Option compilerVar="CC" />
		</Unit>
		<Unit filename="src/core/gui/gtksourceview/gtksourcemarkattributes.h" />
		<Unit filename="src/core/gui/gtksourceview/gtksourcemarkssequence.c">
			<Option compilerVar="CC" />
		</Unit>
		<Unit filename="src/core/gui/gtksourceview/gtksourcemarkssequence.h" />
		<Unit filename="src/core/gui/gtksourceview/gtksourcemarshalers.list" />
		<Unit filename="src/core/gui/gtksourceview/gtksourcepixbufhelper.c">
			<Option compilerVar="CC" />
		</Unit>
		<Unit filename="src/core/gui/gtksourceview/gtksourcepixbufhelper.h" />
		<Unit filename="src/core/gui/gtksourceview/gtksourceprintcompositor.c">
			<Option compilerVar="CC" />
		</Unit>
		<Unit filename="src/core/gui/gtksourceview/gtksourceprintcompositor.h" />
		<Unit filename="src/core/gui/gtksourceview/gtksourceregex.c">
			<Option compilerVar="CC" />
		</Unit>
		<Unit filename="src/core/gui/gtksourceview/gtksourceregex.h" />
		<Unit filename="src/core/gui/gtksourceview/gtksourceregion.c">
			<Option compilerVar="CC" />
		</Unit>
		<Unit filename="src/core/gui/gtksourceview/gtksourceregion.h" />
		<Unit filename="src/core/gui/gtksourceview/gtksourcesearchcontext.c">
			<Option compilerVar="CC" />
		</Unit>
		<Unit filename="src/core/gui/gtksourceview/gtksourcesearchcontext.h" />
		<Unit filename="src/core/gui/gtksourceview/gtksourcesearchsettings.c">
			<Option compilerVar="CC" />
		</Unit>
		<Unit filename="src/core/gui/gtksourceview/gtksourcesearchsettings.h" />
		<Unit filename="src/core/gui/gtksourceview/gtksourcespacedrawer-private.h" />
		<Unit filename="src/core/gui/gtksourceview/gtksourcespacedrawer.c">
			<Option compilerVar="CC" />
		</Unit>
		<Unit filename="src/core/gui/gtksourceview/gtksourcespacedrawer.h" />
		<Unit filename="src/core/gui/gtksourceview/gtksourcestyle-private.h" />
		<Unit filename="src/core/gui/gtksourceview/gtksourcestyle.c">
			<Option compilerVar="CC" />
		</Unit>
		<Unit filename="src/core/gui/gtksourceview/gtksourcestyle.h" />
		<Unit filename="src/core/gui/gtksourceview/gtksourcestylescheme.c">
			<Option compilerVar="CC" />
		</Unit>
		<Unit filename="src/core/gui/gtksourceview/gtksourcestylescheme.h" />
		<Unit filename="src/core/gui/gtksourceview/gtksourcestyleschemechooser.c">
			<Option compilerVar="CC" />
		</Unit>
		<Unit filename="src/core/gui/gtksourceview/gtksourcestyleschemechooser.h" />
		<Unit filename="src/core/gui/gtksourceview/gtksourcestyleschemechooserbutton.c">
			<Option compilerVar="CC" />
		</Unit>
		<Unit filename="src/core/gui/gtksourceview/gtksourcestyleschemechooserbutton.h" />
		<Unit filename="src/core/gui/gtksourceview/gtksourcestyleschemechooserwidget.c">
			<Option compilerVar="CC" />
		</Unit>
		<Unit filename="src/core/gui/gtksourceview/gtksourcestyleschemechooserwidget.h" />
		<Unit filename="src/core/gui/gtksourceview/gtksourcestyleschememanager.c">
			<Option compilerVar="CC" />
		</Unit>
		<Unit filename="src/core/gui/gtksourceview/gtksourcestyleschememanager.h" />
		<Unit filename="src/core/gui/gtksourceview/gtksourcetag.c">
			<Option compilerVar="CC" />
		</Unit>
		<Unit filename="src/core/gui/gtksourceview/gtksourcetag.h" />
		<Unit filename="src/core/gui/gtksourceview/gtksourcetypes-private.h" />
		<Unit filename="src/core/gui/gtksourceview/gtksourcetypes.h" />
		<Unit filename="src/core/gui/gtksourceview/gtksourceundomanager.c">
			<Option compilerVar="CC" />
		</Unit>
		<Unit filename="src/core/gui/gtksourceview/gtksourceundomanager.h" />
		<Unit filename="src/core/gui/gtksourceview/gtksourceundomanagerdefault.c">
			<Option compilerVar="CC" />
		</Unit>
		<Unit filename="src/core/gui/gtksourceview/gtksourceundomanagerdefault.h" />
		<Unit filename="src/core/gui/gtksourceview/gtksourceutils-private.h" />
		<Unit filename="src/core/gui/gtksourceview/gtksourceutils.c">
			<Option compilerVar="CC" />
		</Unit>
		<Unit filename="src/core/gui/gtksourceview/gtksourceutils.h" />
		<Unit filename="src/core/gui/gtksourceview/gtksourceversion.c">
			<Option compilerVar="CC" />
		</Unit>
		<Unit filename="src/core/gui/gtksourceview/gtksourceversion.h" />
		<Unit filename="src/core/gui/gtksourceview/gtksourceversion.h.in" />
		<Unit filename="src/core/gui/gtksourceview/gtksourceview-enumtypes.c">
			<Option compilerVar="CC" />
		</Unit>
		<Unit filename="src/core/gui/gtksourceview/gtksourceview-enumtypes.h" />
		<Unit filename="src/core/gui/gtksourceview/gtksourceview-gresources.h" />
		<Unit filename="src/core/gui/gtksourceview/gtksourceview-i18n.c">
			<Option compilerVar="CC" />
		</Unit>
		<Unit filename="src/core/gui/gtksourceview/gtksourceview-i18n.h" />
		<Unit filename="src/core/gui/gtksourceview/gtksourceview-init.c">
			<Option compilerVar="CC" />
		</Unit>
		<Unit filename="src/core/gui/gtksourceview/gtksourceview-marshal.h" />
		<Unit filename="src/core/gui/gtksourceview/gtksourceview-typebuiltins.h" />
		<Unit filename="src/core/gui/gtksourceview/gtksourceview-utils.c">
			<Option compilerVar="CC" />
		</Unit>
		<Unit filename="src/core/gui/gtksourceview/gtksourceview-utils.h" />
		<Unit filename="src/core/gui/gtksourceview/gtksourceview.c">
			<Option compilerVar="CC" />
		</Unit>
		<Unit filename="src/core/gui/gtksourceview/gtksourceview.gresource.xml" />
		<Unit filename="src/core/gui/gtksourceview/gtksourceview.h" />
		<Unit filename="src/core/gui/gtksourceview/gtktextregion.h" />
		<Unit filename="src/core/gui/widgets/VRAppLauncher.cpp" />
		<Unit filename="src/core/gui/widgets/VRAppLauncher.h" />
		<Unit filename="src/core/gui/widgets/VRAppPanel.cpp" />
		<Unit filename="src/core/gui/widgets/VRAppPanel.h" />
		<Unit filename="src/core/gui/widgets/VRConceptWidget.cpp" />
		<Unit filename="src/core/gui/widgets/VRConceptWidget.h" />
		<Unit filename="src/core/gui/widgets/VRConnectorWidget.cpp" />
		<Unit filename="src/core/gui/widgets/VRConnectorWidget.h" />
		<Unit filename="src/core/gui/widgets/VREntityWidget.cpp" />
		<Unit filename="src/core/gui/widgets/VREntityWidget.h" />
		<Unit filename="src/core/gui/widgets/VRRuleWidget.cpp" />
		<Unit filename="src/core/gui/widgets/VRRuleWidget.h" />
		<Unit filename="src/core/gui/widgets/VRSemanticWidget.cpp" />
		<Unit filename="src/core/gui/widgets/VRSemanticWidget.h" />
		<Unit filename="src/core/gui/wrapper/VRGuiCombobox.cpp" />
		<Unit filename="src/core/gui/wrapper/VRGuiCombobox.h" />
		<Unit filename="src/core/gui/wrapper/VRGuiTreeView.cpp" />
		<Unit filename="src/core/gui/wrapper/VRGuiTreeView.h" />
		<Unit filename="src/core/gui/wrapper/VRGuiWidget.cpp" />
		<Unit filename="src/core/gui/wrapper/VRGuiWidget.h" />
		<Unit filename="src/core/math/Eigendecomposition.cpp" />
		<Unit filename="src/core/math/Eigendecomposition.h" />
		<Unit filename="src/core/math/Expression.cpp" />
		<Unit filename="src/core/math/Expression.h" />
		<Unit filename="src/core/math/Layer2D.cpp" />
		<Unit filename="src/core/math/Layer2D.h" />
		<Unit filename="src/core/math/OSGMathFwd.cpp" />
		<Unit filename="src/core/math/OSGMathFwd.h" />
		<Unit filename="src/core/math/Octree.cpp" />
		<Unit filename="src/core/math/Octree.h" />
		<Unit filename="src/core/math/PCA.cpp" />
		<Unit filename="src/core/math/PCA.h" />
		<Unit filename="src/core/math/SingularValueDecomposition.cpp" />
		<Unit filename="src/core/math/SingularValueDecomposition.h" />
		<Unit filename="src/core/math/Tsdf.cpp" />
		<Unit filename="src/core/math/Tsdf.h" />
		<Unit filename="src/core/math/VRConvexHull.cpp" />
		<Unit filename="src/core/math/VRConvexHull.h" />
		<Unit filename="src/core/math/VRMathFwd.h" />
		<Unit filename="src/core/math/VRStateMachine.cpp" />
		<Unit filename="src/core/math/VRStateMachine.h" />
		<Unit filename="src/core/math/boundingbox.cpp" />
		<Unit filename="src/core/math/boundingbox.h" />
		<Unit filename="src/core/math/coordinates.cpp" />
		<Unit filename="src/core/math/coordinates.h" />
		<Unit filename="src/core/math/datarow.cpp" />
		<Unit filename="src/core/math/datarow.h" />
		<Unit filename="src/core/math/equation.cpp" />
		<Unit filename="src/core/math/equation.h" />
		<Unit filename="src/core/math/fft.cpp" />
		<Unit filename="src/core/math/fft.h" />
		<Unit filename="src/core/math/field.h" />
		<Unit filename="src/core/math/frustum.cpp" />
		<Unit filename="src/core/math/frustum.h" />
		<Unit filename="src/core/math/graph.cpp" />
		<Unit filename="src/core/math/graph.h" />
		<Unit filename="src/core/math/interpolator.cpp" />
		<Unit filename="src/core/math/interpolator.h" />
		<Unit filename="src/core/math/kinematics/VRConstraint.cpp" />
		<Unit filename="src/core/math/kinematics/VRConstraint.h" />
		<Unit filename="src/core/math/kinematics/VRFABRIK.cpp" />
		<Unit filename="src/core/math/kinematics/VRFABRIK.h" />
		<Unit filename="src/core/math/kinematics/VRKinematics.cpp" />
		<Unit filename="src/core/math/kinematics/VRKinematics.h" />
		<Unit filename="src/core/math/patch.cpp" />
		<Unit filename="src/core/math/patch.h" />
		<Unit filename="src/core/math/path.cpp" />
		<Unit filename="src/core/math/path.h" />
		<Unit filename="src/core/math/polygon.cpp" />
		<Unit filename="src/core/math/polygon.h" />
		<Unit filename="src/core/math/pose.cpp" />
		<Unit filename="src/core/math/pose.h" />
		<Unit filename="src/core/math/triangulator.cpp" />
		<Unit filename="src/core/math/triangulator.h" />
		<Unit filename="src/core/navigation/VRNavigationFwd.h" />
		<Unit filename="src/core/navigation/VRNavigator.cpp" />
		<Unit filename="src/core/navigation/VRNavigator.h" />
		<Unit filename="src/core/networking/VRHDLC.cpp" />
		<Unit filename="src/core/networking/VRHDLC.h" />
		<Unit filename="src/core/networking/VRMainInterface.cpp" />
		<Unit filename="src/core/networking/VRMainInterface.h" />
		<Unit filename="src/core/networking/VRNetworkManager.cpp" />
		<Unit filename="src/core/networking/VRNetworkManager.h" />
		<Unit filename="src/core/networking/VRNetworkingFwd.h" />
		<Unit filename="src/core/networking/VROPCUA.cpp" />
		<Unit filename="src/core/networking/VROPCUA.h" />
		<Unit filename="src/core/networking/VRPing.cpp" />
		<Unit filename="src/core/networking/VRPing.h" />
		<Unit filename="src/core/networking/VRProtocol.cpp" />
		<Unit filename="src/core/networking/VRProtocol.h" />
		<Unit filename="src/core/networking/VRSSH.cpp" />
		<Unit filename="src/core/networking/VRSSH.h" />
		<Unit filename="src/core/networking/VRSceneSync.cpp" />
		<Unit filename="src/core/networking/VRSceneSync.h" />
		<Unit filename="src/core/networking/VRSharedMemory.cpp" />
		<Unit filename="src/core/networking/VRSharedMemory.h" />
		<Unit filename="src/core/networking/VRSocket.cpp" />
		<Unit filename="src/core/networking/VRSocket.h" />
		<Unit filename="src/core/networking/VRWebSocket.cpp" />
		<Unit filename="src/core/networking/VRWebSocket.h" />
		<Unit filename="src/core/networking/mongoose/mongoose.c">
			<Option compilerVar="CC" />
		</Unit>
		<Unit filename="src/core/networking/mongoose/mongoose.h" />
		<Unit filename="src/core/networking/rest/VRRestClient.cpp" />
		<Unit filename="src/core/networking/rest/VRRestClient.h" />
		<Unit filename="src/core/networking/rest/VRRestResponse.cpp" />
		<Unit filename="src/core/networking/rest/VRRestResponse.h" />
		<Unit filename="src/core/networking/rest/VRRestServer.cpp" />
		<Unit filename="src/core/networking/rest/VRRestServer.h" />
		<Unit filename="src/core/networking/tcp/VRTCPClient.cpp" />
		<Unit filename="src/core/networking/tcp/VRTCPClient.h" />
		<Unit filename="src/core/networking/tcp/VRTCPServer.cpp" />
		<Unit filename="src/core/networking/tcp/VRTCPServer.h" />
		<Unit filename="src/core/objects/OSGCamera.cpp" />
		<Unit filename="src/core/objects/OSGCamera.h" />
		<Unit filename="src/core/objects/OSGObject.cpp" />
		<Unit filename="src/core/objects/OSGObject.h" />
		<Unit filename="src/core/objects/OSGTransform.cpp" />
		<Unit filename="src/core/objects/OSGTransform.h" />
		<Unit filename="src/core/objects/VRAnimation.cpp" />
		<Unit filename="src/core/objects/VRAnimation.h" />
		<Unit filename="src/core/objects/VRCamera.cpp" />
		<Unit filename="src/core/objects/VRCamera.h" />
		<Unit filename="src/core/objects/VRGroup.cpp" />
		<Unit filename="src/core/objects/VRGroup.h" />
		<Unit filename="src/core/objects/VRLight.cpp" />
		<Unit filename="src/core/objects/VRLight.h" />
		<Unit filename="src/core/objects/VRLightBeacon.cpp" />
		<Unit filename="src/core/objects/VRLightBeacon.h" />
		<Unit filename="src/core/objects/VRLod.cpp" />
		<Unit filename="src/core/objects/VRLod.h" />
		<Unit filename="src/core/objects/VRLodTree.cpp" />
		<Unit filename="src/core/objects/VRLodTree.h" />
		<Unit filename="src/core/objects/VRObjectFwd.h" />
		<Unit filename="src/core/objects/VRPointCloud.cpp" />
		<Unit filename="src/core/objects/VRPointCloud.h" />
		<Unit filename="src/core/objects/VRShadowEngine.h" />
		<Unit filename="src/core/objects/VRShadowEngineBase.h" />
		<Unit filename="src/core/objects/VRShadowEngineFields.h" />
		<Unit filename="src/core/objects/VRStage.cpp" />
		<Unit filename="src/core/objects/VRStage.h" />
		<Unit filename="src/core/objects/VRTransform.cpp" />
		<Unit filename="src/core/objects/VRTransform.h" />
		<Unit filename="src/core/objects/geometry/OSGGeometry.cpp" />
		<Unit filename="src/core/objects/geometry/OSGGeometry.h" />
		<Unit filename="src/core/objects/geometry/VRGeoData.cpp" />
		<Unit filename="src/core/objects/geometry/VRGeoData.h" />
		<Unit filename="src/core/objects/geometry/VRGeometry.cpp" />
		<Unit filename="src/core/objects/geometry/VRGeometry.h" />
		<Unit filename="src/core/objects/geometry/VRHandle.cpp" />
		<Unit filename="src/core/objects/geometry/VRHandle.h" />
		<Unit filename="src/core/objects/geometry/VRPhysics.cpp" />
		<Unit filename="src/core/objects/geometry/VRPhysics.h" />
		<Unit filename="src/core/objects/geometry/VRPrimitive.cpp" />
		<Unit filename="src/core/objects/geometry/VRPrimitive.h" />
		<Unit filename="src/core/objects/geometry/VRSky.cpp" />
		<Unit filename="src/core/objects/geometry/VRSky.h" />
		<Unit filename="src/core/objects/geometry/VRSpatialCollisionManager.cpp" />
		<Unit filename="src/core/objects/geometry/VRSpatialCollisionManager.h" />
		<Unit filename="src/core/objects/geometry/VRStroke.cpp" />
		<Unit filename="src/core/objects/geometry/VRStroke.h" />
		<Unit filename="src/core/objects/geometry/sprite/VRSprite.cpp" />
		<Unit filename="src/core/objects/geometry/sprite/VRSprite.h" />
		<Unit filename="src/core/objects/geometry/sprite/VRSpriteResizeTool.cpp" />
		<Unit filename="src/core/objects/geometry/sprite/VRSpriteResizeTool.h" />
		<Unit filename="src/core/objects/material/OSGMaterial.cpp" />
		<Unit filename="src/core/objects/material/OSGMaterial.h" />
		<Unit filename="src/core/objects/material/VRBricks.cpp" />
		<Unit filename="src/core/objects/material/VRBricks.h" />
		<Unit filename="src/core/objects/material/VRMaterial.cpp" />
		<Unit filename="src/core/objects/material/VRMaterial.h" />
		<Unit filename="src/core/objects/material/VRMaterialT.h" />
		<Unit filename="src/core/objects/material/VRNormalmap.cpp" />
		<Unit filename="src/core/objects/material/VRNormalmap.h" />
		<Unit filename="src/core/objects/material/VRPerlin.cpp" />
		<Unit filename="src/core/objects/material/VRPerlin.h" />
		<Unit filename="src/core/objects/material/VRShader.cpp" />
		<Unit filename="src/core/objects/material/VRShader.h" />
		<Unit filename="src/core/objects/material/VRTexture.cpp" />
		<Unit filename="src/core/objects/material/VRTexture.h" />
		<Unit filename="src/core/objects/material/VRTextureGenerator.cpp" />
		<Unit filename="src/core/objects/material/VRTextureGenerator.h" />
		<Unit filename="src/core/objects/material/VRTextureMosaic.cpp" />
		<Unit filename="src/core/objects/material/VRTextureMosaic.h" />
		<Unit filename="src/core/objects/material/VRVideo.cpp" />
		<Unit filename="src/core/objects/material/VRVideo.h" />
		<Unit filename="src/core/objects/object/OSGCore.cpp" />
		<Unit filename="src/core/objects/object/OSGCore.h" />
		<Unit filename="src/core/objects/object/VRAttachment.cpp" />
		<Unit filename="src/core/objects/object/VRAttachment.h" />
		<Unit filename="src/core/objects/object/VRObject.cpp" />
		<Unit filename="src/core/objects/object/VRObject.h" />
		<Unit filename="src/core/objects/object/VRObjectT.h" />
		<Unit filename="src/core/objects/sync/VRSyncChangelist.cpp" />
		<Unit filename="src/core/objects/sync/VRSyncChangelist.h" />
		<Unit filename="src/core/objects/sync/VRSyncConnection.cpp" />
		<Unit filename="src/core/objects/sync/VRSyncConnection.h" />
		<Unit filename="src/core/objects/sync/VRSyncNode.cpp" />
		<Unit filename="src/core/objects/sync/VRSyncNode.h" />
		<Unit filename="src/core/scene/VRAnimationManager.cpp" />
		<Unit filename="src/core/scene/VRAnimationManager.h" />
		<Unit filename="src/core/scene/VRAnimationManagerT.h" />
		<Unit filename="src/core/scene/VRBackground.cpp" />
		<Unit filename="src/core/scene/VRBackground.h" />
		<Unit filename="src/core/scene/VRCallbackManager.cpp" />
		<Unit filename="src/core/scene/VRCallbackManager.h" />
		<Unit filename="src/core/scene/VRCameraManager.cpp" />
		<Unit filename="src/core/scene/VRCameraManager.h" />
		<Unit filename="src/core/scene/VRMaterialManager.cpp" />
		<Unit filename="src/core/scene/VRMaterialManager.h" />
		<Unit filename="src/core/scene/VRObjectGroupManager.cpp" />
		<Unit filename="src/core/scene/VRObjectGroupManager.h" />
		<Unit filename="src/core/scene/VRObjectManager.cpp" />
		<Unit filename="src/core/scene/VRObjectManager.h" />
		<Unit filename="src/core/scene/VRPhysicsManager.cpp" />
		<Unit filename="src/core/scene/VRPhysicsManager.h" />
		<Unit filename="src/core/scene/VRProjectsList.cpp" />
		<Unit filename="src/core/scene/VRProjectsList.h" />
		<Unit filename="src/core/scene/VRScene.cpp" />
		<Unit filename="src/core/scene/VRScene.h" />
		<Unit filename="src/core/scene/VRSceneFwd.h" />
		<Unit filename="src/core/scene/VRSceneLoader.cpp" />
		<Unit filename="src/core/scene/VRSceneLoader.h" />
		<Unit filename="src/core/scene/VRSceneManager.cpp" />
		<Unit filename="src/core/scene/VRSceneManager.h" />
		<Unit filename="src/core/scene/VRSemanticManager.cpp" />
		<Unit filename="src/core/scene/VRSemanticManager.h" />
		<Unit filename="src/core/scene/VRSpaceWarper.cpp" />
		<Unit filename="src/core/scene/VRSpaceWarper.h" />
		<Unit filename="src/core/scene/VRThreadManager.cpp" />
		<Unit filename="src/core/scene/VRThreadManager.h" />
		<Unit filename="src/core/scene/import/E57/E57.cpp" />
		<Unit filename="src/core/scene/import/E57/E57.h" />
		<Unit filename="src/core/scene/import/E57/E57.reg" />
		<Unit filename="src/core/scene/import/E57/E57Foundation.cpp" />
		<Unit filename="src/core/scene/import/E57/E57Foundation.h" />
		<Unit filename="src/core/scene/import/E57/E57FoundationImpl.cpp" />
		<Unit filename="src/core/scene/import/E57/E57FoundationImpl.h" />
		<Unit filename="src/core/scene/import/E57/E57RefImplConfig.cmake" />
		<Unit filename="src/core/scene/import/E57/E57Simple.cpp" />
		<Unit filename="src/core/scene/import/E57/E57Simple.h" />
		<Unit filename="src/core/scene/import/E57/E57SimpleImpl.cpp" />
		<Unit filename="src/core/scene/import/E57/E57SimpleImpl.h" />
		<Unit filename="src/core/scene/import/E57/LASReader.cpp" />
		<Unit filename="src/core/scene/import/E57/LASReader.h" />
		<Unit filename="src/core/scene/import/E57/basictypes.h" />
		<Unit filename="src/core/scene/import/E57/constants.h" />
		<Unit filename="src/core/scene/import/E57/e57_v0_6.rnc" />
		<Unit filename="src/core/scene/import/E57/gnss_error.h" />
		<Unit filename="src/core/scene/import/E57/time_conversion.c">
			<Option compilerVar="CC" />
		</Unit>
		<Unit filename="src/core/scene/import/E57/time_conversion.h" />
		<Unit filename="src/core/scene/import/GIS/VRGDAL.cpp" />
		<Unit filename="src/core/scene/import/GIS/VRGDAL.h" />
		<Unit filename="src/core/scene/import/GLTF/GLTF.cpp" />
		<Unit filename="src/core/scene/import/GLTF/GLTF.h" />
		<Unit filename="src/core/scene/import/GLTF/json.hpp" />
		<Unit filename="src/core/scene/import/GLTF/stb_image.h" />
		<Unit filename="src/core/scene/import/GLTF/stb_image_write.h" />
		<Unit filename="src/core/scene/import/GLTF/tiny_gltf.h" />
		<Unit filename="src/core/scene/import/STEP/VRBRepBound.cpp" />
		<Unit filename="src/core/scene/import/STEP/VRBRepBound.h" />
		<Unit filename="src/core/scene/import/STEP/VRBRepEdge.cpp" />
		<Unit filename="src/core/scene/import/STEP/VRBRepEdge.h" />
		<Unit filename="src/core/scene/import/STEP/VRBRepSurface.cpp" />
		<Unit filename="src/core/scene/import/STEP/VRBRepSurface.h" />
		<Unit filename="src/core/scene/import/STEP/VRBRepUtils.cpp" />
		<Unit filename="src/core/scene/import/STEP/VRBRepUtils.h" />
		<Unit filename="src/core/scene/import/STEP/VRSTEP.cpp" />
		<Unit filename="src/core/scene/import/STEP/VRSTEP.h" />
		<Unit filename="src/core/scene/import/VRCOLLADA.cpp" />
		<Unit filename="src/core/scene/import/VRCOLLADA.h" />
		<Unit filename="src/core/scene/import/VRDWG.cpp" />
		<Unit filename="src/core/scene/import/VRDWG.h" />
		<Unit filename="src/core/scene/import/VRDXF.cpp" />
		<Unit filename="src/core/scene/import/VRDXF.h" />
		<Unit filename="src/core/scene/import/VRExport.cpp" />
		<Unit filename="src/core/scene/import/VRExport.h" />
		<Unit filename="src/core/scene/import/VRIES.cpp" />
		<Unit filename="src/core/scene/import/VRIES.h" />
		<Unit filename="src/core/scene/import/VRIFC.cpp" />
		<Unit filename="src/core/scene/import/VRIFC.h" />
		<Unit filename="src/core/scene/import/VRImport.cpp" />
		<Unit filename="src/core/scene/import/VRImport.h" />
		<Unit filename="src/core/scene/import/VRML.cpp" />
		<Unit filename="src/core/scene/import/VRML.h" />
		<Unit filename="src/core/scene/import/VRPLY.cpp" />
		<Unit filename="src/core/scene/import/VRPLY.h" />
		<Unit filename="src/core/scene/import/VRSTEPCascade.cpp" />
		<Unit filename="src/core/scene/import/VRSTEPCascade.h" />
		<Unit filename="src/core/scene/import/VRVTK.cpp" />
		<Unit filename="src/core/scene/import/VRVTK.h" />
		<Unit filename="src/core/scene/interfaces/VRScenegraphInterface.cpp" />
		<Unit filename="src/core/scene/interfaces/VRScenegraphInterface.h" />
		<Unit filename="src/core/scene/rendering/VRDefShading.cpp" />
		<Unit filename="src/core/scene/rendering/VRDefShading.h" />
		<Unit filename="src/core/scene/rendering/VRDeferredRenderStage.cpp" />
		<Unit filename="src/core/scene/rendering/VRDeferredRenderStage.h" />
		<Unit filename="src/core/scene/rendering/VRFXAA.cpp" />
		<Unit filename="src/core/scene/rendering/VRFXAA.h" />
		<Unit filename="src/core/scene/rendering/VRFog.cpp" />
		<Unit filename="src/core/scene/rendering/VRFog.h" />
		<Unit filename="src/core/scene/rendering/VRHMDDistortion.cpp" />
		<Unit filename="src/core/scene/rendering/VRHMDDistortion.h" />
		<Unit filename="src/core/scene/rendering/VRRenderManager.cpp" />
		<Unit filename="src/core/scene/rendering/VRRenderManager.h" />
		<Unit filename="src/core/scene/rendering/VRRenderStudio.cpp" />
		<Unit filename="src/core/scene/rendering/VRRenderStudio.h" />
		<Unit filename="src/core/scene/rendering/VRSSAO.cpp" />
		<Unit filename="src/core/scene/rendering/VRSSAO.h" />
		<Unit filename="src/core/scene/sound/VRSound.cpp" />
		<Unit filename="src/core/scene/sound/VRSound.h" />
		<Unit filename="src/core/scene/sound/VRSoundFwd.h" />
		<Unit filename="src/core/scene/sound/VRSoundManager.cpp" />
		<Unit filename="src/core/scene/sound/VRSoundManager.h" />
		<Unit filename="src/core/scene/sound/VRSoundUtils.cpp" />
		<Unit filename="src/core/scene/sound/VRSoundUtils.h" />
		<Unit filename="src/core/scripting/VRPyAnalyticGeometry.cpp" />
		<Unit filename="src/core/scripting/VRPyAnalyticGeometry.h" />
		<Unit filename="src/core/scripting/VRPyAnimation.cpp" />
		<Unit filename="src/core/scripting/VRPyAnimation.h" />
		<Unit filename="src/core/scripting/VRPyAnnotationEngine.cpp" />
		<Unit filename="src/core/scripting/VRPyAnnotationEngine.h" />
		<Unit filename="src/core/scripting/VRPyBase.cpp" />
		<Unit filename="src/core/scripting/VRPyBase.h" />
		<Unit filename="src/core/scripting/VRPyBaseFactory.cpp" />
		<Unit filename="src/core/scripting/VRPyBaseFactory.h" />
		<Unit filename="src/core/scripting/VRPyBaseT.h" />
		<Unit filename="src/core/scripting/VRPyBoundingbox.cpp" />
		<Unit filename="src/core/scripting/VRPyBoundingbox.h" />
		<Unit filename="src/core/scripting/VRPyCamera.cpp" />
		<Unit filename="src/core/scripting/VRPyCamera.h" />
		<Unit filename="src/core/scripting/VRPyClipPlane.cpp" />
		<Unit filename="src/core/scripting/VRPyClipPlane.h" />
		<Unit filename="src/core/scripting/VRPyCodeCompletion.cpp" />
		<Unit filename="src/core/scripting/VRPyCodeCompletion.h" />
		<Unit filename="src/core/scripting/VRPyColorChooser.cpp" />
		<Unit filename="src/core/scripting/VRPyColorChooser.h" />
		<Unit filename="src/core/scripting/VRPyConstraint.cpp" />
		<Unit filename="src/core/scripting/VRPyConstraint.h" />
		<Unit filename="src/core/scripting/VRPyConstructionKit.cpp" />
		<Unit filename="src/core/scripting/VRPyConstructionKit.h" />
		<Unit filename="src/core/scripting/VRPyDevice.cpp" />
		<Unit filename="src/core/scripting/VRPyDevice.h" />
		<Unit filename="src/core/scripting/VRPyEncryption.cpp" />
		<Unit filename="src/core/scripting/VRPyEncryption.h" />
		<Unit filename="src/core/scripting/VRPyGeoPrimitive.cpp" />
		<Unit filename="src/core/scripting/VRPyGeoPrimitive.h" />
		<Unit filename="src/core/scripting/VRPyGeometry.cpp" />
		<Unit filename="src/core/scripting/VRPyGeometry.h" />
		<Unit filename="src/core/scripting/VRPyGraph.cpp" />
		<Unit filename="src/core/scripting/VRPyGraph.h" />
		<Unit filename="src/core/scripting/VRPyHaptic.cpp" />
		<Unit filename="src/core/scripting/VRPyHaptic.h" />
		<Unit filename="src/core/scripting/VRPyImage.cpp" />
		<Unit filename="src/core/scripting/VRPyImage.h" />
		<Unit filename="src/core/scripting/VRPyIntersection.cpp" />
		<Unit filename="src/core/scripting/VRPyIntersection.h" />
		<Unit filename="src/core/scripting/VRPyJointTool.cpp" />
		<Unit filename="src/core/scripting/VRPyJointTool.h" />
		<Unit filename="src/core/scripting/VRPyKinematics.cpp" />
		<Unit filename="src/core/scripting/VRPyKinematics.h" />
		<Unit filename="src/core/scripting/VRPyLight.cpp" />
		<Unit filename="src/core/scripting/VRPyLight.h" />
		<Unit filename="src/core/scripting/VRPyLightBeacon.cpp" />
		<Unit filename="src/core/scripting/VRPyLightBeacon.h" />
		<Unit filename="src/core/scripting/VRPyListMath.cpp" />
		<Unit filename="src/core/scripting/VRPyListMath.h" />
		<Unit filename="src/core/scripting/VRPyLod.cpp" />
		<Unit filename="src/core/scripting/VRPyLod.h" />
		<Unit filename="src/core/scripting/VRPyMaterial.cpp" />
		<Unit filename="src/core/scripting/VRPyMaterial.h" />
		<Unit filename="src/core/scripting/VRPyMath.cpp" />
		<Unit filename="src/core/scripting/VRPyMath.h" />
		<Unit filename="src/core/scripting/VRPyMeasure.cpp" />
		<Unit filename="src/core/scripting/VRPyMeasure.h" />
		<Unit filename="src/core/scripting/VRPyMenu.cpp" />
		<Unit filename="src/core/scripting/VRPyMenu.h" />
		<Unit filename="src/core/scripting/VRPyMobile.cpp" />
		<Unit filename="src/core/scripting/VRPyMobile.h" />
		<Unit filename="src/core/scripting/VRPyMouse.cpp" />
		<Unit filename="src/core/scripting/VRPyMouse.h" />
		<Unit filename="src/core/scripting/VRPyMultiTouch.cpp" />
		<Unit filename="src/core/scripting/VRPyMultiTouch.h" />
		<Unit filename="src/core/scripting/VRPyNamed.cpp" />
		<Unit filename="src/core/scripting/VRPyNamed.h" />
		<Unit filename="src/core/scripting/VRPyNavPreset.cpp" />
		<Unit filename="src/core/scripting/VRPyNavPreset.h" />
		<Unit filename="src/core/scripting/VRPyNavigator.cpp" />
		<Unit filename="src/core/scripting/VRPyNavigator.h" />
		<Unit filename="src/core/scripting/VRPyNetworking.cpp" />
		<Unit filename="src/core/scripting/VRPyNetworking.h" />
		<Unit filename="src/core/scripting/VRPyOPCUA.cpp" />
		<Unit filename="src/core/scripting/VRPyOPCUA.h" />
		<Unit filename="src/core/scripting/VRPyObject.cpp" />
		<Unit filename="src/core/scripting/VRPyObject.h" />
		<Unit filename="src/core/scripting/VRPyObjectManager.cpp" />
		<Unit filename="src/core/scripting/VRPyObjectManager.h" />
		<Unit filename="src/core/scripting/VRPyPDF.cpp" />
		<Unit filename="src/core/scripting/VRPyPDF.h" />
		<Unit filename="src/core/scripting/VRPyPatchSelection.cpp" />
		<Unit filename="src/core/scripting/VRPyPatchSelection.h" />
		<Unit filename="src/core/scripting/VRPyPath.cpp" />
		<Unit filename="src/core/scripting/VRPyPath.h" />
		<Unit filename="src/core/scripting/VRPyPathtool.cpp" />
		<Unit filename="src/core/scripting/VRPyPathtool.h" />
		<Unit filename="src/core/scripting/VRPyPointCloud.cpp" />
		<Unit filename="src/core/scripting/VRPyPointCloud.h" />
		<Unit filename="src/core/scripting/VRPyPolygon.cpp" />
		<Unit filename="src/core/scripting/VRPyPolygon.h" />
		<Unit filename="src/core/scripting/VRPyPolygonSelection.cpp" />
		<Unit filename="src/core/scripting/VRPyPolygonSelection.h" />
		<Unit filename="src/core/scripting/VRPyPose.cpp" />
		<Unit filename="src/core/scripting/VRPyPose.h" />
		<Unit filename="src/core/scripting/VRPyProgress.cpp" />
		<Unit filename="src/core/scripting/VRPyProgress.h" />
		<Unit filename="src/core/scripting/VRPyProjectManager.cpp" />
		<Unit filename="src/core/scripting/VRPyProjectManager.h" />
		<Unit filename="src/core/scripting/VRPyRecorder.cpp" />
		<Unit filename="src/core/scripting/VRPyRecorder.h" />
		<Unit filename="src/core/scripting/VRPyRendering.cpp" />
		<Unit filename="src/core/scripting/VRPyRendering.h" />
		<Unit filename="src/core/scripting/VRPyScenegraphInterface.cpp" />
		<Unit filename="src/core/scripting/VRPyScenegraphInterface.h" />
		<Unit filename="src/core/scripting/VRPySelection.cpp" />
		<Unit filename="src/core/scripting/VRPySelection.h" />
		<Unit filename="src/core/scripting/VRPySelector.cpp" />
		<Unit filename="src/core/scripting/VRPySelector.h" />
		<Unit filename="src/core/scripting/VRPySetup.cpp" />
		<Unit filename="src/core/scripting/VRPySetup.h" />
		<Unit filename="src/core/scripting/VRPySky.cpp" />
		<Unit filename="src/core/scripting/VRPySky.h" />
		<Unit filename="src/core/scripting/VRPySnappingEngine.cpp" />
		<Unit filename="src/core/scripting/VRPySnappingEngine.h" />
		<Unit filename="src/core/scripting/VRPySocket.cpp" />
		<Unit filename="src/core/scripting/VRPySocket.h" />
		<Unit filename="src/core/scripting/VRPySound.cpp" />
		<Unit filename="src/core/scripting/VRPySound.h" />
		<Unit filename="src/core/scripting/VRPySpatialCollisionManager.cpp" />
		<Unit filename="src/core/scripting/VRPySpatialCollisionManager.h" />
		<Unit filename="src/core/scripting/VRPySprite.cpp" />
		<Unit filename="src/core/scripting/VRPySprite.h" />
		<Unit filename="src/core/scripting/VRPyStateMachine.cpp" />
		<Unit filename="src/core/scripting/VRPyStateMachine.h" />
		<Unit filename="src/core/scripting/VRPyStroke.cpp" />
		<Unit filename="src/core/scripting/VRPyStroke.h" />
		<Unit filename="src/core/scripting/VRPySyncNode.cpp" />
		<Unit filename="src/core/scripting/VRPySyncNode.h" />
		<Unit filename="src/core/scripting/VRPyTextureGenerator.cpp" />
		<Unit filename="src/core/scripting/VRPyTextureGenerator.h" />
		<Unit filename="src/core/scripting/VRPyTextureMosaic.cpp" />
		<Unit filename="src/core/scripting/VRPyTextureMosaic.h" />
		<Unit filename="src/core/scripting/VRPyTextureRenderer.cpp" />
		<Unit filename="src/core/scripting/VRPyTextureRenderer.h" />
		<Unit filename="src/core/scripting/VRPyTransform.cpp" />
		<Unit filename="src/core/scripting/VRPyTransform.h" />
		<Unit filename="src/core/scripting/VRPyTriangulator.cpp" />
		<Unit filename="src/core/scripting/VRPyTriangulator.h" />
		<Unit filename="src/core/scripting/VRPyTypeCaster.cpp" />
		<Unit filename="src/core/scripting/VRPyTypeCaster.h" />
		<Unit filename="src/core/scripting/VRPyUndoManager.cpp" />
		<Unit filename="src/core/scripting/VRPyUndoManager.h" />
		<Unit filename="src/core/scripting/VRPyWaypoint.cpp" />
		<Unit filename="src/core/scripting/VRPyWaypoint.h" />
		<Unit filename="src/core/scripting/VRSceneGlobals.cpp" />
		<Unit filename="src/core/scripting/VRSceneGlobals.h" />
		<Unit filename="src/core/scripting/VRSceneModules.cpp" />
		<Unit filename="src/core/scripting/VRSceneModules.h" />
		<Unit filename="src/core/scripting/VRScript.cpp" />
		<Unit filename="src/core/scripting/VRScript.h" />
		<Unit filename="src/core/scripting/VRScriptFwd.h" />
		<Unit filename="src/core/scripting/VRScriptManager.cpp" />
		<Unit filename="src/core/scripting/VRScriptManager.h" />
		<Unit filename="src/core/scripting/VRScriptManagerT.h" />
		<Unit filename="src/core/setup/VRNetwork.cpp" />
		<Unit filename="src/core/setup/VRNetwork.h" />
		<Unit filename="src/core/setup/VRSetup.cpp" />
		<Unit filename="src/core/setup/VRSetup.h" />
		<Unit filename="src/core/setup/VRSetupFwd.h" />
		<Unit filename="src/core/setup/VRSetupManager.cpp" />
		<Unit filename="src/core/setup/VRSetupManager.h" />
		<Unit filename="src/core/setup/devices/VRAvatar.cpp" />
		<Unit filename="src/core/setup/devices/VRAvatar.h" />
		<Unit filename="src/core/setup/devices/VRDevice.cpp" />
		<Unit filename="src/core/setup/devices/VRDevice.h" />
		<Unit filename="src/core/setup/devices/VRDeviceManager.cpp" />
		<Unit filename="src/core/setup/devices/VRDeviceManager.h" />
		<Unit filename="src/core/setup/devices/VRFlystick.cpp" />
		<Unit filename="src/core/setup/devices/VRFlystick.h" />
		<Unit filename="src/core/setup/devices/VRHaptic.cpp" />
		<Unit filename="src/core/setup/devices/VRHaptic.h" />
		<Unit filename="src/core/setup/devices/VRIntersect.cpp" />
		<Unit filename="src/core/setup/devices/VRIntersect.h" />
		<Unit filename="src/core/setup/devices/VRKeyboard.cpp" />
		<Unit filename="src/core/setup/devices/VRKeyboard.h" />
		<Unit filename="src/core/setup/devices/VRMouse.cpp" />
		<Unit filename="src/core/setup/devices/VRMouse.h" />
		<Unit filename="src/core/setup/devices/VRMultiTouch.cpp" />
		<Unit filename="src/core/setup/devices/VRMultiTouch.h" />
		<Unit filename="src/core/setup/devices/VRServer.cpp" />
		<Unit filename="src/core/setup/devices/VRServer.h" />
		<Unit filename="src/core/setup/devices/VRSignal.cpp" />
		<Unit filename="src/core/setup/devices/VRSignal.h" />
		<Unit filename="src/core/setup/devices/VRSignalT.h" />
		<Unit filename="src/core/setup/devices/virtuose.cpp" />
		<Unit filename="src/core/setup/devices/virtuose.h" />
		<Unit filename="src/core/setup/tracking/ART.cpp" />
		<Unit filename="src/core/setup/tracking/ART.h" />
		<Unit filename="src/core/setup/tracking/DTrack.cpp" />
		<Unit filename="src/core/setup/tracking/DTrack.h" />
		<Unit filename="src/core/setup/tracking/Kinect.h" />
		<Unit filename="src/core/setup/tracking/OptiTrack.cpp" />
		<Unit filename="src/core/setup/tracking/OptiTrack.h" />
		<Unit filename="src/core/setup/tracking/VRPN.cpp" />
		<Unit filename="src/core/setup/tracking/VRPN.h" />
		<Unit filename="src/core/setup/tracking/Vive.cpp" />
		<Unit filename="src/core/setup/tracking/Vive.h" />
		<Unit filename="src/core/setup/windows/VRGlutWindow.cpp" />
		<Unit filename="src/core/setup/windows/VRGlutWindow.h" />
		<Unit filename="src/core/setup/windows/VRGtk2Window.h" />
		<Unit filename="src/core/setup/windows/VRGtk32Window.h" />
		<Unit filename="src/core/setup/windows/VRGtk3Window.h" />
		<Unit filename="src/core/setup/windows/VRGtkWindow.cpp" />
		<Unit filename="src/core/setup/windows/VRGtkWindow.h" />
		<Unit filename="src/core/setup/windows/VRMultiWindow.cpp" />
		<Unit filename="src/core/setup/windows/VRMultiWindow.h" />
		<Unit filename="src/core/setup/windows/VRView.cpp" />
		<Unit filename="src/core/setup/windows/VRView.h" />
		<Unit filename="src/core/setup/windows/VRViewManager.cpp" />
		<Unit filename="src/core/setup/windows/VRViewManager.h" />
		<Unit filename="src/core/setup/windows/VRWindow.cpp" />
		<Unit filename="src/core/setup/windows/VRWindow.h" />
		<Unit filename="src/core/setup/windows/VRWindowManager.cpp" />
		<Unit filename="src/core/setup/windows/VRWindowManager.h" />
		<Unit filename="src/core/tools/VRAnalyticGeometry.cpp" />
		<Unit filename="src/core/tools/VRAnalyticGeometry.h" />
		<Unit filename="src/core/tools/VRAnnotationEngine.cpp" />
		<Unit filename="src/core/tools/VRAnnotationEngine.h" />
		<Unit filename="src/core/tools/VRClipPlane.cpp" />
		<Unit filename="src/core/tools/VRClipPlane.h" />
		<Unit filename="src/core/tools/VRColorChooser.cpp" />
		<Unit filename="src/core/tools/VRColorChooser.h" />
		<Unit filename="src/core/tools/VRConstructionKit.cpp" />
		<Unit filename="src/core/tools/VRConstructionKit.h" />
		<Unit filename="src/core/tools/VRGeoPrimitive.cpp" />
		<Unit filename="src/core/tools/VRGeoPrimitive.h" />
		<Unit filename="src/core/tools/VRKinematictool.cpp" />
		<Unit filename="src/core/tools/VRKinematictool.h" />
		<Unit filename="src/core/tools/VRMenu.cpp" />
		<Unit filename="src/core/tools/VRMenu.h" />
		<Unit filename="src/core/tools/VRMesure.cpp" />
		<Unit filename="src/core/tools/VRMesure.h" />
		<Unit filename="src/core/tools/VRPathtool.cpp" />
		<Unit filename="src/core/tools/VRPathtool.h" />
		<Unit filename="src/core/tools/VRProjectManager.cpp" />
		<Unit filename="src/core/tools/VRProjectManager.h" />
		<Unit filename="src/core/tools/VRQRCode.cpp" />
		<Unit filename="src/core/tools/VRQRCode.h" />
		<Unit filename="src/core/tools/VRRecorder.cpp" />
		<Unit filename="src/core/tools/VRRecorder.h" />
		<Unit filename="src/core/tools/VRSnappingEngine.cpp" />
		<Unit filename="src/core/tools/VRSnappingEngine.h" />
		<Unit filename="src/core/tools/VRText.cpp" />
		<Unit filename="src/core/tools/VRText.h" />
		<Unit filename="src/core/tools/VRTextureRenderer.cpp" />
		<Unit filename="src/core/tools/VRTextureRenderer.h" />
		<Unit filename="src/core/tools/VRToolsFwd.h" />
		<Unit filename="src/core/tools/VRUndoManager.cpp" />
		<Unit filename="src/core/tools/VRUndoManager.h" />
		<Unit filename="src/core/tools/VRWaypoint.cpp" />
		<Unit filename="src/core/tools/VRWaypoint.h" />
		<Unit filename="src/core/tools/selection/VRPatchSelection.cpp" />
		<Unit filename="src/core/tools/selection/VRPatchSelection.h" />
		<Unit filename="src/core/tools/selection/VRPolygonSelection.cpp" />
		<Unit filename="src/core/tools/selection/VRPolygonSelection.h" />
		<Unit filename="src/core/tools/selection/VRSelection.cpp" />
		<Unit filename="src/core/tools/selection/VRSelection.h" />
		<Unit filename="src/core/tools/selection/VRSelectionFwd.h" />
		<Unit filename="src/core/tools/selection/VRSelector.cpp" />
		<Unit filename="src/core/tools/selection/VRSelector.h" />
		<Unit filename="src/core/utils/VRCallbackWrapper.cpp" />
		<Unit filename="src/core/utils/VRCallbackWrapper.h" />
		<Unit filename="src/core/utils/VRCallbackWrapperT.h" />
		<Unit filename="src/core/utils/VRChangeList.cpp" />
		<Unit filename="src/core/utils/VRChangeList.h" />
		<Unit filename="src/core/utils/VRDeviceFwd.h" />
		<Unit filename="src/core/utils/VRDoublebuffer.cpp" />
		<Unit filename="src/core/utils/VRDoublebuffer.h" />
		<Unit filename="src/core/utils/VREncryption.cpp" />
		<Unit filename="src/core/utils/VREncryption.h" />
		<Unit filename="src/core/utils/VRFlags.cpp" />
		<Unit filename="src/core/utils/VRFlags.h" />
		<Unit filename="src/core/utils/VRFunction.cpp" />
		<Unit filename="src/core/utils/VRFunction.h" />
		<Unit filename="src/core/utils/VRFunctionFwd.h" />
		<Unit filename="src/core/utils/VRFwdDeclTemplate.h" />
		<Unit filename="src/core/utils/VRGlobals.cpp" />
		<Unit filename="src/core/utils/VRGlobals.h" />
		<Unit filename="src/core/utils/VRInternalMonitor.cpp" />
		<Unit filename="src/core/utils/VRInternalMonitor.h" />
		<Unit filename="src/core/utils/VRLogger.cpp" />
		<Unit filename="src/core/utils/VRLogger.h" />
		<Unit filename="src/core/utils/VRManager.cpp" />
		<Unit filename="src/core/utils/VRManager.h" />
		<Unit filename="src/core/utils/VRName.cpp" />
		<Unit filename="src/core/utils/VRName.h" />
		<Unit filename="src/core/utils/VROptions.cpp" />
		<Unit filename="src/core/utils/VROptions.h" />
		<Unit filename="src/core/utils/VRPDF.cpp" />
		<Unit filename="src/core/utils/VRPDF.h" />
		<Unit filename="src/core/utils/VRProfiler.cpp" />
		<Unit filename="src/core/utils/VRProfiler.h" />
		<Unit filename="src/core/utils/VRProgress.cpp" />
		<Unit filename="src/core/utils/VRProgress.h" />
		<Unit filename="src/core/utils/VRRate.cpp" />
		<Unit filename="src/core/utils/VRRate.h" />
		<Unit filename="src/core/utils/VRSpreadsheet.cpp" />
		<Unit filename="src/core/utils/VRSpreadsheet.h" />
		<Unit filename="src/core/utils/VRStorage.cpp" />
		<Unit filename="src/core/utils/VRStorage.h" />
		<Unit filename="src/core/utils/VRStorage_template.h" />
		<Unit filename="src/core/utils/VRTests.cpp" />
		<Unit filename="src/core/utils/VRTests.h" />
		<Unit filename="src/core/utils/VRTimer.cpp" />
		<Unit filename="src/core/utils/VRTimer.h" />
		<Unit filename="src/core/utils/VRUndoInterface.cpp" />
		<Unit filename="src/core/utils/VRUndoInterface.h" />
		<Unit filename="src/core/utils/VRUndoInterfaceT.h" />
		<Unit filename="src/core/utils/VRUtilsFwd.h" />
		<Unit filename="src/core/utils/VRVisualLayer.cpp" />
		<Unit filename="src/core/utils/VRVisualLayer.h" />
		<Unit filename="src/core/utils/coreDumpHandler.cpp" />
		<Unit filename="src/core/utils/coreDumpHandler.h" />
		<Unit filename="src/core/utils/isNan.cpp" />
		<Unit filename="src/core/utils/isNan.h" />
		<Unit filename="src/core/utils/system/VRSystem.cpp" />
		<Unit filename="src/core/utils/system/VRSystem.h" />
		<Unit filename="src/core/utils/toString.cpp" />
		<Unit filename="src/core/utils/toString.h" />
		<Unit filename="src/core/utils/toStringBis.h" />
		<Unit filename="src/core/utils/xml.cpp" />
		<Unit filename="src/core/utils/xml.h" />
		<Unit filename="src/core/utils/zipper/defs.h" />
		<Unit filename="src/core/utils/zipper/filesystem.cpp" />
		<Unit filename="src/core/utils/zipper/filesystem.h" />
		<Unit filename="src/core/utils/zipper/minizip/crypt.h" />
		<Unit filename="src/core/utils/zipper/minizip/ioapi.c">
			<Option compilerVar="CC" />
		</Unit>
		<Unit filename="src/core/utils/zipper/minizip/ioapi.h" />
		<Unit filename="src/core/utils/zipper/minizip/ioapi_buf.c">
			<Option compilerVar="CC" />
		</Unit>
		<Unit filename="src/core/utils/zipper/minizip/ioapi_buf.h" />
		<Unit filename="src/core/utils/zipper/minizip/ioapi_mem.c">
			<Option compilerVar="CC" />
		</Unit>
		<Unit filename="src/core/utils/zipper/minizip/ioapi_mem.h" />
		<Unit filename="src/core/utils/zipper/minizip/unzip.c">
			<Option compilerVar="CC" />
		</Unit>
		<Unit filename="src/core/utils/zipper/minizip/unzip.h" />
		<Unit filename="src/core/utils/zipper/minizip/zip.c">
			<Option compilerVar="CC" />
		</Unit>
		<Unit filename="src/core/utils/zipper/minizip/zip.h" />
		<Unit filename="src/core/utils/zipper/tools.cpp" />
		<Unit filename="src/core/utils/zipper/tools.h" />
		<Unit filename="src/core/utils/zipper/unzipper.cpp" />
		<Unit filename="src/core/utils/zipper/unzipper.h" />
		<Unit filename="src/core/utils/zipper/zipper.cpp" />
		<Unit filename="src/core/utils/zipper/zipper.h" />
		<Unit filename="src/main.cpp" />
		<Unit filename="src/version/version.cpp" />
		<Extensions>
			<code_completion />
			<debugger />
		</Extensions>
	</Project>
</CodeBlocks_project_file>
