<?xml version="1.0" encoding="UTF-8" standalone="yes" ?>
<CodeBlocks_project_file>
	<FileVersion major="1" minor="6" />
	<Project>
		<Option title="VRServer" />
		<Option pch_mode="2" />
		<Option compiler="gcc" />
		<Build>
			<Target title="Debug">
				<Option output="VRServer" prefix_auto="1" extension_auto="1" />
				<Option object_output="." />
				<Option type="1" />
				<Option compiler="gcc" />
				<Compiler>
					<Add option="-g" />
				</Compiler>
			</Target>
			<Target title="Release">
				<Option output="bin/Release/VRFramework" prefix_auto="1" extension_auto="1" />
				<Option object_output="obj/Release/" />
				<Option type="1" />
				<Option compiler="gcc" />
				<Compiler>
					<Add option="-O2" />
				</Compiler>
				<Linker>
					<Add option="-s" />
				</Linker>
			</Target>
		</Build>
		<Compiler>
			<Add option="-Wall" />
			<Add option="`pkg-config gtk+-2.0 --cflags`" />
			<Add option="`pkg-config --cflags libxml++-2.6`" />
			<Add option="-use_readonly_const" />
			<Add option="-ftemplate-depth-100" />
			<Add option="-fPIC" />
			<Add option="-Wno-deprecated" />
			<Add option="-DOSG2" />
			<Add option="-D_GNU_SOURCE" />
			<Add option="-DQT_CLEAN_NAMESPACE" />
			<Add option="-DOSG_WITH_GLUT" />
			<Add option="-DOSG_WITH_QT" />
			<Add option="-DOSG_WITH_JPG" />
			<Add option="-DOSG_WITH_PNG" />
			<Add option="-DOSG_WITH_COLLADA" />
			<Add option="-D_OSG_HAVE_CONFIGURED_H_" />
			<Add option="-DQT_NO_XINERAMA" />
			<Add option="-DQT_NO_XRENDER" />
			<Add option="-DQT_NO_XFTFREETYPE" />
			<Add option="-DQT_NO_XKB" />
			<Add option="-DQT_NO_SM_SUPPORT" />
			<Add option="-DQT_NO_IMAGEIO_MNG" />
			<Add option="-DQT_NO_IMAGEIO_JPEG" />
			<Add option="-DQT_NO_STYLE_AQUA" />
			<Add option="-DQT_NO_STYLE_MAC" />
			<Add option="-DQT_NO_STYLE_INTERLACE" />
			<Add option="-DQT_NO_STYLE_COMPACT" />
			<Add option="-DOSG_DEBUG" />
			<Add option="-DOSG_DEBUGRT" />
			<Add option="-DOSG_BUILD_ACTIVE" />
			<Add option="-DCRT_SECURE_NO_DEPRECATE" />
			<Add option="-DCRT_SECURE_NO_WARNINGS" />
			<Add option="-DCRT_NONSTDC_NO_DEPRECATE" />
			<Add option="-DSECURE_SCL=0" />
			<Add option="-D_SCL_SECURE_NO_WARNINGS" />
			<Add option="-D_SCL_SECURE_NO_DEPRECATE" />
			<Add directory="/usr/lib/qt3/include" />
			<Add directory="/usr/local/include" />
			<Add directory="/usr/include/pango-1.0" />
			<Add directory="/usr/include/glib-2.0" />
			<Add directory="/usr/lib64/glib-2.0/include" />
			<Add directory="/usr" />
			<Add directory="/usr/include/freetype2" />
			<Add directory="/usr/include/cairo" />
			<Add directory="/usr/include/libpng12" />
			<Add directory="/usr/lib" />
			<Add directory="/usr/lib/glib-2.0/include" />
			<Add directory="/usr/lib/x86_64-linux-gnu/glib-2.0/include" />
			<Add directory="/usr/include/vtk-5.8/" />
			<Add directory="/usr/include/bullet" />
		</Compiler>
		<Linker>
			<Add option="`pkg-config --libs libxml++-2.6`" />
			<Add option="`pkg-config gtk+-2.0 --libs`" />
			<Add option="`pkg-config bullet --libs`" />
			<Add option="-lmicrohttpd" />
			<Add option="-ljsoncpp" />
			<Add option="-lcurl" />
			<Add option="-lvrpn" />
			<Add option="-lfmodex" />
			<Add option="-rdynamic" />
			<Add option="-lOSGBase" />
			<Add option="-lOSGContribTrapezoidalShadowMaps" />
			<Add option="-lOSGCluster" />
			<Add option="-lOSGDrawable" />
			<Add option="-lOSGEffectGroups" />
			<Add option="-lOSGFileIO" />
			<Add option="-lOSGGroup" />
			<Add option="-lOSGImageFileIO" />
			<Add option="-lOSGState" />
			<Add option="-lOSGSystem" />
			<Add option="-lOSGUtil" />
			<Add option="-lOSGText" />
			<Add option="-lOSGWindow" />
			<Add option="-lOSGWindowGLUT" />
			<Add option="-lOSGWindowX" />
			<Add option="-lGLU" />
			<Add option="-lGL" />
			<Add option="-lSM" />
			<Add option="-lICE" />
			<Add option="-lX11" />
			<Add option="-lXext" />
			<Add option="-lglut" />
			<Add option="-lXmu" />
			<Add option="-lXi" />
			<Add option="-lboost_system" />
			<Add option="-lboost_thread" />
			<Add option="-lboost_program_options" />
			<Add option="#-lcollada14dom" />
			<Add option="-ljpeg" />
			<Add option="-lpng" />
			<Add option="-lz" />
			<Add option="-lXt" />
			<Add option="-lpango-1.0" />
			<Add option="-lgobject-2.0" />
			<Add option="-lgmodule-2.0" />
			<Add option="-lglib-2.0" />
			<Add option="-lpangoft2-1.0" />
			<Add option="-lfreetype" />
			<Add option="-lfontconfig" />
			<Add option="-lpangocairo-1.0" />
			<Add option="-lcairo" />
			<Add option="-lpthread" />
			<Add option="-lvirtuose" />
			<Add option="-lm" />
			<Add option="-lfann" />
			<Add option="-ldl" />
			<Add directory="/usr/lib/qt3/lib64" />
			<Add directory="/usr/X11R6/lib64" />
			<Add directory="/usr/include/pango-1.0" />
			<Add directory="src/devices/virtuose/VIRTx32" />
			<Add directory="src/devices/virtuose/VIRTx64" />
			<Add directory="/usr/lib/i386-linux-gnu" />
			<Add directory="src/tracking/vrpn/pc_linux64" />
			<Add directory="/usr/local/lib64/debug" />
		</Linker>
		<Unit filename="VRServer.cpp" />
		<Extensions>
			<code_completion />
			<debugger />
			<envvars />
		</Extensions>
	</Project>
</CodeBlocks_project_file>
