<?xml version="1.0" encoding="UTF-8" standalone="yes" ?>
<CodeBlocks_project_file>
	<FileVersion major="1" minor="6" />
	<Project>
		<Option title="VRServer" />
		<Option pch_mode="2" />
		<Option compiler="gcc" />
		<Build>
			<Target title="Debug">
				<Option output="VRServer" prefix_auto="1" extension_auto="1" />
				<Option object_output="." />
				<Option type="1" />
				<Option compiler="gcc" />
				<Compiler>
					<Add option="-g" />
				</Compiler>
			</Target>
			<Target title="Release">
				<Option output="bin/Release/VRFramework" prefix_auto="1" extension_auto="1" />
				<Option object_output="obj/Release/" />
				<Option type="1" />
				<Option compiler="gcc" />
				<Compiler>
					<Add option="-O2" />
				</Compiler>
				<Linker>
					<Add option="-s" />
				</Linker>
			</Target>
		</Build>
		<Compiler>
			<Add option="-Wall" />
			<Add option="-std=c++11" />
			<Add option="-fPIC" />
			<Add option="`pkg-config gtk+-2.0 --cflags`" />
			<Add option="`pkg-config --cflags libxml++-2.6`" />
			<Add option="-use_readonly_const" />
			<Add option="-ftemplate-depth-100" />
			<Add option="-Wno-deprecated" />
			<Add option="-DLC_ALL=C" />
			<Add option="-DOSG_WITH_GLUT" />
			<Add option="-DOSG_WITH_JPG" />
			<Add option="-DOSG_WITH_PNG" />
			<Add option="-D_OSG_HAVE_CONFIGURED_H_" />
			<Add option="-DOSG_BUILD_ACTIVE" />
			<Add option="-DBOOST_NO_CXX11_HDR_ATOMIC=1" />
		</Compiler>
		<Linker>
			<Add option="-lOSGBase" />
			<Add option="-lOSGContribTrapezoidalShadowMaps -lOSGCluster" />
			<Add option="-lOSGDrawable" />
			<Add option="-lOSGEffectGroups" />
			<Add option="-lOSGGroup" />
			<Add option="-lOSGImageFileIO" />
			<Add option="-lOSGState" />
			<Add option="-lOSGSystem" />
			<Add option="-lOSGUtil" />
			<Add option="-lOSGText" />
			<Add option="-lOSGWindow" />
			<Add option="-lOSGWindowGLUT" />
			<Add option="-lOSGWindowX" />
			<Add option="-lGLU" />
			<Add option="-lGL" />
			<Add option="-lSM" />
			<Add option="-lICE" />
			<Add option="-lX11" />
			<Add option="-lXext" />
			<Add option="-lglut" />
			<Add option="-lXmu" />
			<Add option="-lXi" />
			<Add option="-lboost_system" />
			<Add directory="/usr/lib/opensg" />
		</Linker>
		<Unit filename="VRServer.cpp" />
		<Extensions>
			<code_completion />
			<debugger />
			<envvars />
		</Extensions>
	</Project>
</CodeBlocks_project_file>
